// !$*UTF8*$!
{
	archiveVersion = 1;
	classes = {
	};
	objectVersion = 56;
	objects = {

/* Begin PBXBuildFile section */
		101E39452AE6B738001F4534 /* HomeViewModel.swift in Sources */ = {isa = PBXBuildFile; fileRef = 101E39442AE6B738001F4534 /* HomeViewModel.swift */; };
		101E39472AE6B757001F4534 /* Image.swift in Sources */ = {isa = PBXBuildFile; fileRef = 101E39462AE6B757001F4534 /* Image.swift */; };
		101E39492AE6B761001F4534 /* Color.swift in Sources */ = {isa = PBXBuildFile; fileRef = 101E39482AE6B761001F4534 /* Color.swift */; };
		101E394B2AE6BCCE001F4534 /* Font.swift in Sources */ = {isa = PBXBuildFile; fileRef = 101E394A2AE6BCCE001F4534 /* Font.swift */; };
		101E394E2AE7A8D6001F4534 /* ProjectsTarget.swift in Sources */ = {isa = PBXBuildFile; fileRef = 101E394D2AE7A8D6001F4534 /* ProjectsTarget.swift */; };
		101E39512AE7B337001F4534 /* ProfileViewModel.swift in Sources */ = {isa = PBXBuildFile; fileRef = 101E39502AE7B337001F4534 /* ProfileViewModel.swift */; };
		1020898D2A987DCA00A34EFC /* LikePopupViewController.swift in Sources */ = {isa = PBXBuildFile; fileRef = 1020898C2A987DCA00A34EFC /* LikePopupViewController.swift */; };
		1020898F2A988CB700A34EFC /* LikePopupHeaderView.swift in Sources */ = {isa = PBXBuildFile; fileRef = 1020898E2A988CB700A34EFC /* LikePopupHeaderView.swift */; };
		102089912A989A2800A34EFC /* popupContentButton.swift in Sources */ = {isa = PBXBuildFile; fileRef = 102089902A989A2800A34EFC /* popupContentButton.swift */; };
		102089932A99AB8400A34EFC /* popupMenuButton.swift in Sources */ = {isa = PBXBuildFile; fileRef = 102089922A99AB8400A34EFC /* popupMenuButton.swift */; };
		102089952A99CA9800A34EFC /* ProfileEditViewController.swift in Sources */ = {isa = PBXBuildFile; fileRef = 102089942A99CA9800A34EFC /* ProfileEditViewController.swift */; };
		102089972A99CAF500A34EFC /* ProfileImageView.swift in Sources */ = {isa = PBXBuildFile; fileRef = 102089962A99CAF500A34EFC /* ProfileImageView.swift */; };
		102089992A99D87C00A34EFC /* UIViewController+.swift in Sources */ = {isa = PBXBuildFile; fileRef = 102089982A99D87C00A34EFC /* UIViewController+.swift */; };
		1020899B2A99DFE600A34EFC /* CompleteButton.swift in Sources */ = {isa = PBXBuildFile; fileRef = 1020899A2A99DFE600A34EFC /* CompleteButton.swift */; };
		1020899D2A99ED6F00A34EFC /* TipView.swift in Sources */ = {isa = PBXBuildFile; fileRef = 1020899C2A99ED6F00A34EFC /* TipView.swift */; };
		102089A32A99EFA900A34EFC /* ToolTipView.swift in Sources */ = {isa = PBXBuildFile; fileRef = 102089A22A99EFA900A34EFC /* ToolTipView.swift */; };
		102089A52A9A2ED200A34EFC /* UploadViewController.swift in Sources */ = {isa = PBXBuildFile; fileRef = 102089A42A9A2ED200A34EFC /* UploadViewController.swift */; };
		102089A72A9A2F2D00A34EFC /* InstButton.swift in Sources */ = {isa = PBXBuildFile; fileRef = 102089A62A9A2F2D00A34EFC /* InstButton.swift */; };
		102089A92A9A719300A34EFC /* CustomTextFieldView.swift in Sources */ = {isa = PBXBuildFile; fileRef = 102089A82A9A719300A34EFC /* CustomTextFieldView.swift */; };
		102089AB2A9BB53200A34EFC /* RecordUtilButton.swift in Sources */ = {isa = PBXBuildFile; fileRef = 102089AA2A9BB53200A34EFC /* RecordUtilButton.swift */; };
		102089E12A9C57E800A34EFC /* BaseView.swift in Sources */ = {isa = PBXBuildFile; fileRef = 102089E02A9C57E800A34EFC /* BaseView.swift */; };
		102089E32A9C582A00A34EFC /* HomeView.swift in Sources */ = {isa = PBXBuildFile; fileRef = 102089E22A9C582A00A34EFC /* HomeView.swift */; };
		102089E52A9C590500A34EFC /* ProfileView.swift in Sources */ = {isa = PBXBuildFile; fileRef = 102089E42A9C590500A34EFC /* ProfileView.swift */; };
		102089E72A9C5AB500A34EFC /* ProfileEditView.swift in Sources */ = {isa = PBXBuildFile; fileRef = 102089E62A9C5AB500A34EFC /* ProfileEditView.swift */; };
		102089E92A9C5BC800A34EFC /* UploadView.swift in Sources */ = {isa = PBXBuildFile; fileRef = 102089E82A9C5BC800A34EFC /* UploadView.swift */; };
		102089EB2A9C5C6600A34EFC /* RecordView.swift in Sources */ = {isa = PBXBuildFile; fileRef = 102089EA2A9C5C6600A34EFC /* RecordView.swift */; };
		102089ED2A9C5D3800A34EFC /* CodePopupView.swift in Sources */ = {isa = PBXBuildFile; fileRef = 102089EC2A9C5D3800A34EFC /* CodePopupView.swift */; };
		102089F12A9C647B00A34EFC /* MusicProgressView.swift in Sources */ = {isa = PBXBuildFile; fileRef = 102089F02A9C647B00A34EFC /* MusicProgressView.swift */; };
		102089F42A9C691E00A34EFC /* CheckRecordViewController.swift in Sources */ = {isa = PBXBuildFile; fileRef = 102089F32A9C691E00A34EFC /* CheckRecordViewController.swift */; };
		102089F62A9C692E00A34EFC /* CheckRecordView.swift in Sources */ = {isa = PBXBuildFile; fileRef = 102089F52A9C692E00A34EFC /* CheckRecordView.swift */; };
		102089F92A9C82B400A34EFC /* SettingViewController.swift in Sources */ = {isa = PBXBuildFile; fileRef = 102089F82A9C82B400A34EFC /* SettingViewController.swift */; };
		102089FB2A9C9ADE00A34EFC /* ReportViewController.swift in Sources */ = {isa = PBXBuildFile; fileRef = 102089FA2A9C9ADE00A34EFC /* ReportViewController.swift */; };
		102089FD2A9C9D0600A34EFC /* ReportPopupViewController.swift in Sources */ = {isa = PBXBuildFile; fileRef = 102089FC2A9C9D0600A34EFC /* ReportPopupViewController.swift */; };
		102089FF2A9CABC100A34EFC /* AccountCell.swift in Sources */ = {isa = PBXBuildFile; fileRef = 102089FE2A9CABC100A34EFC /* AccountCell.swift */; };
		10208A012A9CADC700A34EFC /* AccountViewController.swift in Sources */ = {isa = PBXBuildFile; fileRef = 10208A002A9CADC700A34EFC /* AccountViewController.swift */; };
		102144182AA0B0A300BCCB08 /* CustomTextView.swift in Sources */ = {isa = PBXBuildFile; fileRef = 102144172AA0B0A300BCCB08 /* CustomTextView.swift */; };
		1022BA342AB097DC0028C2DF /* VolumeViewController.swift in Sources */ = {isa = PBXBuildFile; fileRef = 1022BA332AB097DC0028C2DF /* VolumeViewController.swift */; };
		1022BA372AB09B150028C2DF /* FloatingPanel in Frameworks */ = {isa = PBXBuildFile; productRef = 1022BA362AB09B150028C2DF /* FloatingPanel */; };
		1022BA842AB2ECE70028C2DF /* BottomSheetViewController.swift in Sources */ = {isa = PBXBuildFile; fileRef = 1022BA832AB2ECE70028C2DF /* BottomSheetViewController.swift */; };
		1022BA862AB2F14D0028C2DF /* SelfSizingTableView.swift in Sources */ = {isa = PBXBuildFile; fileRef = 1022BA852AB2F14D0028C2DF /* SelfSizingTableView.swift */; };
		1022BA8B2AB2F6D70028C2DF /* EditProfileImageViewController.swift in Sources */ = {isa = PBXBuildFile; fileRef = 1022BA8A2AB2F6D70028C2DF /* EditProfileImageViewController.swift */; };
		10332C5D2AC754F500217BC2 /* AudioManager.swift in Sources */ = {isa = PBXBuildFile; fileRef = 10332C5C2AC754F500217BC2 /* AudioManager.swift */; };
		103EF8F92AC2D70C007496D9 /* WithdrawResponse.swift in Sources */ = {isa = PBXBuildFile; fileRef = 103EF8F82AC2D70C007496D9 /* WithdrawResponse.swift */; };
		1049419C2A9CB77B006B52BC /* UIColor+.swift in Sources */ = {isa = PBXBuildFile; fileRef = 1049419B2A9CB77B006B52BC /* UIColor+.swift */; };
		1049419E2A9CBB01006B52BC /* CustomBarButtonItem.swift in Sources */ = {isa = PBXBuildFile; fileRef = 1049419D2A9CBB01006B52BC /* CustomBarButtonItem.swift */; };
		104D93182AC09F6500EBEAF7 /* MyProfileResponse.swift in Sources */ = {isa = PBXBuildFile; fileRef = 104D93172AC09F6500EBEAF7 /* MyProfileResponse.swift */; };
		104D939F2AC1D20500EBEAF7 /* EditProfileRequest.swift in Sources */ = {isa = PBXBuildFile; fileRef = 104D939E2AC1D20500EBEAF7 /* EditProfileRequest.swift */; };
		104D93A12AC1D21000EBEAF7 /* EditProfileResponse.swift in Sources */ = {isa = PBXBuildFile; fileRef = 104D93A02AC1D21000EBEAF7 /* EditProfileResponse.swift */; };
		104D93A32AC1D6D300EBEAF7 /* ProfileEditViewModel.swift in Sources */ = {isa = PBXBuildFile; fileRef = 104D93A22AC1D6D300EBEAF7 /* ProfileEditViewModel.swift */; };
		107A75D82A7A69F300E9201B /* AppDelegate.swift in Sources */ = {isa = PBXBuildFile; fileRef = 107A75D72A7A69F300E9201B /* AppDelegate.swift */; };
		107A75DA2A7A69F300E9201B /* SceneDelegate.swift in Sources */ = {isa = PBXBuildFile; fileRef = 107A75D92A7A69F300E9201B /* SceneDelegate.swift */; };
		107A75DC2A7A69F300E9201B /* HomeViewController.swift in Sources */ = {isa = PBXBuildFile; fileRef = 107A75DB2A7A69F300E9201B /* HomeViewController.swift */; };
		107A75E12A7A69F400E9201B /* Assets.xcassets in Resources */ = {isa = PBXBuildFile; fileRef = 107A75E02A7A69F400E9201B /* Assets.xcassets */; };
		107A75E42A7A69F400E9201B /* LaunchScreen.storyboard in Resources */ = {isa = PBXBuildFile; fileRef = 107A75E22A7A69F400E9201B /* LaunchScreen.storyboard */; };
		107A75F32A7A6EF400E9201B /* UIVIew+.swift in Sources */ = {isa = PBXBuildFile; fileRef = 107A75F22A7A6EF400E9201B /* UIVIew+.swift */; };
		10831AD02A7A76C100FB460C /* SnapKit in Frameworks */ = {isa = PBXBuildFile; productRef = 10831ACF2A7A76C100FB460C /* SnapKit */; };
		10831AD32A7A76CE00FB460C /* Then in Frameworks */ = {isa = PBXBuildFile; productRef = 10831AD22A7A76CE00FB460C /* Then */; };
		10831AD52A7A772000FB460C /* UserCell.swift in Sources */ = {isa = PBXBuildFile; fileRef = 10831AD42A7A772000FB460C /* UserCell.swift */; };
		10831AD82A7A77DC00FB460C /* BaseVIewController.swift in Sources */ = {isa = PBXBuildFile; fileRef = 10831AD72A7A77DC00FB460C /* BaseVIewController.swift */; };
		10831AE72A7A7F0A00FB460C /* LikedListDTO.swift in Sources */ = {isa = PBXBuildFile; fileRef = 10831AE02A7A7F0A00FB460C /* LikedListDTO.swift */; };
		10831AE82A7A7F0A00FB460C /* Stack.swift in Sources */ = {isa = PBXBuildFile; fileRef = 10831AE12A7A7F0A00FB460C /* Stack.swift */; };
		10831AE92A7A7F0A00FB460C /* Like.swift in Sources */ = {isa = PBXBuildFile; fileRef = 10831AE22A7A7F0A00FB460C /* Like.swift */; };
		10831AEA2A7A7F0A00FB460C /* InstrumentDTO.swift in Sources */ = {isa = PBXBuildFile; fileRef = 10831AE32A7A7F0A00FB460C /* InstrumentDTO.swift */; };
		10831AEB2A7A7F0A00FB460C /* UserDTO.swift in Sources */ = {isa = PBXBuildFile; fileRef = 10831AE42A7A7F0A00FB460C /* UserDTO.swift */; };
		10831AEC2A7A7F0A00FB460C /* ProjectResponse.swift in Sources */ = {isa = PBXBuildFile; fileRef = 10831AE52A7A7F0A00FB460C /* ProjectResponse.swift */; };
		10831AED2A7A7F0A00FB460C /* PostDTO.swift in Sources */ = {isa = PBXBuildFile; fileRef = 10831AE62A7A7F0A00FB460C /* PostDTO.swift */; };
		10831AEF2A7A81B100FB460C /* PostCell.swift in Sources */ = {isa = PBXBuildFile; fileRef = 10831AEE2A7A81B100FB460C /* PostCell.swift */; };
		10831AF12A7A924300FB460C /* UIStackView+.swift in Sources */ = {isa = PBXBuildFile; fileRef = 10831AF02A7A924300FB460C /* UIStackView+.swift */; };
		108916062AEEB207001075A3 /* RxCocoa in Frameworks */ = {isa = PBXBuildFile; productRef = 108916052AEEB207001075A3 /* RxCocoa */; };
		108916082AEEB207001075A3 /* RxSwift in Frameworks */ = {isa = PBXBuildFile; productRef = 108916072AEEB207001075A3 /* RxSwift */; };
		1089160B2AEEB76D001075A3 /* Alamofire in Frameworks */ = {isa = PBXBuildFile; productRef = 1089160A2AEEB76D001075A3 /* Alamofire */; };
		109B90E42AA4C024009958F1 /* UINavigationController+.swift in Sources */ = {isa = PBXBuildFile; fileRef = 109B90E32AA4C024009958F1 /* UINavigationController+.swift */; };
		10AB4AC12A94B4B900E1B514 /* ProfileCell.swift in Sources */ = {isa = PBXBuildFile; fileRef = 10AB4AC02A94B4B900E1B514 /* ProfileCell.swift */; };
		10AB4AC32A94B4F300E1B514 /* ProjectCell.swift in Sources */ = {isa = PBXBuildFile; fileRef = 10AB4AC22A94B4F300E1B514 /* ProjectCell.swift */; };
		10AB4AC52A94C3B000E1B514 /* ProjectHeaderView.swift in Sources */ = {isa = PBXBuildFile; fileRef = 10AB4AC42A94C3B000E1B514 /* ProjectHeaderView.swift */; };
		10AB4AC82A94CCF700E1B514 /* Tab.swift in Sources */ = {isa = PBXBuildFile; fileRef = 10AB4AC72A94CCF700E1B514 /* Tab.swift */; };
		10AB4ACA2A94CD6B00E1B514 /* MainTabBarController.swift in Sources */ = {isa = PBXBuildFile; fileRef = 10AB4AC92A94CD6B00E1B514 /* MainTabBarController.swift */; };
		10AB4ACE2A95BF2800E1B514 /* RecordViewController.swift in Sources */ = {isa = PBXBuildFile; fileRef = 10AB4ACD2A95BF2800E1B514 /* RecordViewController.swift */; };
		10AB4ADA2A96DC1E00E1B514 /* SeparatorView.swift in Sources */ = {isa = PBXBuildFile; fileRef = 10AB4AD92A96DC1D00E1B514 /* SeparatorView.swift */; };
		10AB4AE12A97123000E1B514 /* CodePopupViewController.swift in Sources */ = {isa = PBXBuildFile; fileRef = 10AB4AE02A97123000E1B514 /* CodePopupViewController.swift */; };
		10AB4AEA2A9739C300E1B514 /* PreStackPopupViewController.swift in Sources */ = {isa = PBXBuildFile; fileRef = 10AB4AE92A9739C300E1B514 /* PreStackPopupViewController.swift */; };
		10B067722A9485C100BFA002 /* ProfileViewController.swift in Sources */ = {isa = PBXBuildFile; fileRef = 10B067712A9485C100BFA002 /* ProfileViewController.swift */; };
		10C31A602ABD692E00C69791 /* VolumeView.swift in Sources */ = {isa = PBXBuildFile; fileRef = 10C31A5F2ABD692E00C69791 /* VolumeView.swift */; };
		10C31A622ABEB9CA00C69791 /* CustomSlider.swift in Sources */ = {isa = PBXBuildFile; fileRef = 10C31A612ABEB9CA00C69791 /* CustomSlider.swift */; };
		10C31A642ABF3E4300C69791 /* UploadViewModel.swift in Sources */ = {isa = PBXBuildFile; fileRef = 10C31A632ABF3E4300C69791 /* UploadViewModel.swift */; };
		10C31A6E2ABF45EF00C69791 /* LoginViewController.swift in Sources */ = {isa = PBXBuildFile; fileRef = 10C31A6D2ABF45EF00C69791 /* LoginViewController.swift */; };
		10C31A702ABF460500C69791 /* LoginView.swift in Sources */ = {isa = PBXBuildFile; fileRef = 10C31A6F2ABF460500C69791 /* LoginView.swift */; };
		10C31A722ABF461E00C69791 /* OnbaordingAccountViewController.swift in Sources */ = {isa = PBXBuildFile; fileRef = 10C31A712ABF461E00C69791 /* OnbaordingAccountViewController.swift */; };
		10C31A742ABF466D00C69791 /* OnboardingAccountView.swift in Sources */ = {isa = PBXBuildFile; fileRef = 10C31A732ABF466D00C69791 /* OnboardingAccountView.swift */; };
		10C31A762ABF469B00C69791 /* OnboardingUserNameViewController.swift in Sources */ = {isa = PBXBuildFile; fileRef = 10C31A752ABF469B00C69791 /* OnboardingUserNameViewController.swift */; };
		10C31A782ABF46B400C69791 /* OnboardingUserNameView.swift in Sources */ = {isa = PBXBuildFile; fileRef = 10C31A772ABF46B400C69791 /* OnboardingUserNameView.swift */; };
		10C31A7A2ABF46E800C69791 /* OnboardingProfileViewController.swift in Sources */ = {isa = PBXBuildFile; fileRef = 10C31A792ABF46E800C69791 /* OnboardingProfileViewController.swift */; };
		10C31A7C2ABF46F000C69791 /* OnboardingProfileView.swift in Sources */ = {isa = PBXBuildFile; fileRef = 10C31A7B2ABF46F000C69791 /* OnboardingProfileView.swift */; };
		10C31A7E2ABF470200C69791 /* OnboardingAgreementViewController.swift in Sources */ = {isa = PBXBuildFile; fileRef = 10C31A7D2ABF470200C69791 /* OnboardingAgreementViewController.swift */; };
		10C31A802ABF470D00C69791 /* OnboardingAgreementView.swift in Sources */ = {isa = PBXBuildFile; fileRef = 10C31A7F2ABF470D00C69791 /* OnboardingAgreementView.swift */; };
		10C31A822ABF471600C69791 /* WelcomeViewController.swift in Sources */ = {isa = PBXBuildFile; fileRef = 10C31A812ABF471600C69791 /* WelcomeViewController.swift */; };
		10C31A842ABF4E7F00C69791 /* LoginButton.swift in Sources */ = {isa = PBXBuildFile; fileRef = 10C31A832ABF4E7F00C69791 /* LoginButton.swift */; };
		10C375032AB4773E00462A1B /* EditProfileImageView.swift in Sources */ = {isa = PBXBuildFile; fileRef = 10C375022AB4773E00462A1B /* EditProfileImageView.swift */; };
		10C76E862AA8822900D5AFA6 /* StackButton.swift in Sources */ = {isa = PBXBuildFile; fileRef = 10C76E852AA8822900D5AFA6 /* StackButton.swift */; };
		10C929B82A9F73F200BA83D9 /* UILabel+.swift in Sources */ = {isa = PBXBuildFile; fileRef = 10C929B72A9F73F200BA83D9 /* UILabel+.swift */; };
		10C9B62F2A7BDCAF00026EE0 /* UITableView+Reuseable.swift in Sources */ = {isa = PBXBuildFile; fileRef = 10C9B62C2A7BDCAE00026EE0 /* UITableView+Reuseable.swift */; };
		10C9B6302A7BDCAF00026EE0 /* UICollection+ReusableView.swift in Sources */ = {isa = PBXBuildFile; fileRef = 10C9B62D2A7BDCAE00026EE0 /* UICollection+ReusableView.swift */; };
		10C9B6312A7BDCAF00026EE0 /* ReusableView.swift in Sources */ = {isa = PBXBuildFile; fileRef = 10C9B62E2A7BDCAF00026EE0 /* ReusableView.swift */; };
		10D40D5A2AE8214D00786D7D /* VideoPlayerView.swift in Sources */ = {isa = PBXBuildFile; fileRef = 10D40D592AE8214D00786D7D /* VideoPlayerView.swift */; };
		10D40D5C2AE821CD00786D7D /* VideoCacheManager.swift in Sources */ = {isa = PBXBuildFile; fileRef = 10D40D5B2AE821CD00786D7D /* VideoCacheManager.swift */; };
		10D40D622AE8E1B300786D7D /* ProjectViewController.swift in Sources */ = {isa = PBXBuildFile; fileRef = 10D40D612AE8E1B300786D7D /* ProjectViewController.swift */; };
		10D40D642AE8E1D900786D7D /* ProjectViewModel.swift in Sources */ = {isa = PBXBuildFile; fileRef = 10D40D632AE8E1D900786D7D /* ProjectViewModel.swift */; };
		10D40D672AE90EDE00786D7D /* PostCellViewModel.swift in Sources */ = {isa = PBXBuildFile; fileRef = 10D40D662AE90EDE00786D7D /* PostCellViewModel.swift */; };
		10D40D692AE911F500786D7D /* LikeResponse.swift in Sources */ = {isa = PBXBuildFile; fileRef = 10D40D682AE911F500786D7D /* LikeResponse.swift */; };
		10D4B13B2AC3EB400096E995 /* MediaManager.swift in Sources */ = {isa = PBXBuildFile; fileRef = 10D4B13A2AC3EB400096E995 /* MediaManager.swift */; };
		10F79D1B2AC01B9500E31063 /* RootSwitcher.swift in Sources */ = {isa = PBXBuildFile; fileRef = 10F79D1A2AC01B9500E31063 /* RootSwitcher.swift */; };
		10F79D232AC0336900E31063 /* Kingfisher in Frameworks */ = {isa = PBXBuildFile; productRef = 10F79D222AC0336900E31063 /* Kingfisher */; };
		10F79D292AC0358700E31063 /* TargetType.swift in Sources */ = {isa = PBXBuildFile; fileRef = 10F79D282AC0358700E31063 /* TargetType.swift */; };
		10F79D2B2AC0378600E31063 /* HTTPHeaderField.swift in Sources */ = {isa = PBXBuildFile; fileRef = 10F79D2A2AC0378600E31063 /* HTTPHeaderField.swift */; };
		10F79D302AC038D700E31063 /* APIEventLogger.swift in Sources */ = {isa = PBXBuildFile; fileRef = 10F79D2F2AC038D700E31063 /* APIEventLogger.swift */; };
		10F79D332AC041CD00E31063 /* LoginRequest.swift in Sources */ = {isa = PBXBuildFile; fileRef = 10F79D322AC041CD00E31063 /* LoginRequest.swift */; };
		10F79D352AC041D600E31063 /* LoginResponse.swift in Sources */ = {isa = PBXBuildFile; fileRef = 10F79D342AC041D600E31063 /* LoginResponse.swift */; };
		10F79D382AC0447400E31063 /* OAuthTarget.swift in Sources */ = {isa = PBXBuildFile; fileRef = 10F79D372AC0447400E31063 /* OAuthTarget.swift */; };
		10F79D3C2AC0508200E31063 /* Network.swift in Sources */ = {isa = PBXBuildFile; fileRef = 10F79D3B2AC0508200E31063 /* Network.swift */; };
		10F79D3F2AC059E400E31063 /* UsersTarget.swift in Sources */ = {isa = PBXBuildFile; fileRef = 10F79D3E2AC059E400E31063 /* UsersTarget.swift */; };
		10F79D432AC05B1900E31063 /* DuplicateRequest.swift in Sources */ = {isa = PBXBuildFile; fileRef = 10F79D422AC05B1900E31063 /* DuplicateRequest.swift */; };
		10F79D452AC05B2300E31063 /* DuplicateResponse.swift in Sources */ = {isa = PBXBuildFile; fileRef = 10F79D442AC05B2300E31063 /* DuplicateResponse.swift */; };
		10F79D482AC05C7D00E31063 /* CustomObservable.swift in Sources */ = {isa = PBXBuildFile; fileRef = 10F79D472AC05C7C00E31063 /* CustomObservable.swift */; };
		10F79D4A2AC05D1800E31063 /* OnboardingAccountViewModel.swift in Sources */ = {isa = PBXBuildFile; fileRef = 10F79D492AC05D1800E31063 /* OnboardingAccountViewModel.swift */; };
		10F79D4C2AC06C3100E31063 /* SignupRequest.swift in Sources */ = {isa = PBXBuildFile; fileRef = 10F79D4B2AC06C3100E31063 /* SignupRequest.swift */; };
		10F79D4E2AC06C3A00E31063 /* SignupResponse.swift in Sources */ = {isa = PBXBuildFile; fileRef = 10F79D4D2AC06C3A00E31063 /* SignupResponse.swift */; };
/* End PBXBuildFile section */

/* Begin PBXFileReference section */
		101E39442AE6B738001F4534 /* HomeViewModel.swift */ = {isa = PBXFileReference; lastKnownFileType = sourcecode.swift; path = HomeViewModel.swift; sourceTree = "<group>"; };
		101E39462AE6B757001F4534 /* Image.swift */ = {isa = PBXFileReference; lastKnownFileType = sourcecode.swift; path = Image.swift; sourceTree = "<group>"; };
		101E39482AE6B761001F4534 /* Color.swift */ = {isa = PBXFileReference; lastKnownFileType = sourcecode.swift; path = Color.swift; sourceTree = "<group>"; };
		101E394A2AE6BCCE001F4534 /* Font.swift */ = {isa = PBXFileReference; lastKnownFileType = sourcecode.swift; path = Font.swift; sourceTree = "<group>"; };
		101E394D2AE7A8D6001F4534 /* ProjectsTarget.swift */ = {isa = PBXFileReference; lastKnownFileType = sourcecode.swift; path = ProjectsTarget.swift; sourceTree = "<group>"; };
		101E39502AE7B337001F4534 /* ProfileViewModel.swift */ = {isa = PBXFileReference; lastKnownFileType = sourcecode.swift; path = ProfileViewModel.swift; sourceTree = "<group>"; };
		1020898C2A987DCA00A34EFC /* LikePopupViewController.swift */ = {isa = PBXFileReference; lastKnownFileType = sourcecode.swift; path = LikePopupViewController.swift; sourceTree = "<group>"; };
		1020898E2A988CB700A34EFC /* LikePopupHeaderView.swift */ = {isa = PBXFileReference; lastKnownFileType = sourcecode.swift; path = LikePopupHeaderView.swift; sourceTree = "<group>"; };
		102089902A989A2800A34EFC /* popupContentButton.swift */ = {isa = PBXFileReference; lastKnownFileType = sourcecode.swift; path = popupContentButton.swift; sourceTree = "<group>"; };
		102089922A99AB8400A34EFC /* popupMenuButton.swift */ = {isa = PBXFileReference; lastKnownFileType = sourcecode.swift; path = popupMenuButton.swift; sourceTree = "<group>"; };
		102089942A99CA9800A34EFC /* ProfileEditViewController.swift */ = {isa = PBXFileReference; lastKnownFileType = sourcecode.swift; path = ProfileEditViewController.swift; sourceTree = "<group>"; };
		102089962A99CAF500A34EFC /* ProfileImageView.swift */ = {isa = PBXFileReference; lastKnownFileType = sourcecode.swift; path = ProfileImageView.swift; sourceTree = "<group>"; };
		102089982A99D87C00A34EFC /* UIViewController+.swift */ = {isa = PBXFileReference; lastKnownFileType = sourcecode.swift; path = "UIViewController+.swift"; sourceTree = "<group>"; };
		1020899A2A99DFE600A34EFC /* CompleteButton.swift */ = {isa = PBXFileReference; lastKnownFileType = sourcecode.swift; path = CompleteButton.swift; sourceTree = "<group>"; };
		1020899C2A99ED6F00A34EFC /* TipView.swift */ = {isa = PBXFileReference; lastKnownFileType = sourcecode.swift; path = TipView.swift; sourceTree = "<group>"; };
		102089A22A99EFA900A34EFC /* ToolTipView.swift */ = {isa = PBXFileReference; lastKnownFileType = sourcecode.swift; path = ToolTipView.swift; sourceTree = "<group>"; };
		102089A42A9A2ED200A34EFC /* UploadViewController.swift */ = {isa = PBXFileReference; lastKnownFileType = sourcecode.swift; path = UploadViewController.swift; sourceTree = "<group>"; };
		102089A62A9A2F2D00A34EFC /* InstButton.swift */ = {isa = PBXFileReference; lastKnownFileType = sourcecode.swift; path = InstButton.swift; sourceTree = "<group>"; };
		102089A82A9A719300A34EFC /* CustomTextFieldView.swift */ = {isa = PBXFileReference; lastKnownFileType = sourcecode.swift; path = CustomTextFieldView.swift; sourceTree = "<group>"; };
		102089AA2A9BB53200A34EFC /* RecordUtilButton.swift */ = {isa = PBXFileReference; lastKnownFileType = sourcecode.swift; path = RecordUtilButton.swift; sourceTree = "<group>"; };
		102089E02A9C57E800A34EFC /* BaseView.swift */ = {isa = PBXFileReference; lastKnownFileType = sourcecode.swift; path = BaseView.swift; sourceTree = "<group>"; };
		102089E22A9C582A00A34EFC /* HomeView.swift */ = {isa = PBXFileReference; lastKnownFileType = sourcecode.swift; path = HomeView.swift; sourceTree = "<group>"; };
		102089E42A9C590500A34EFC /* ProfileView.swift */ = {isa = PBXFileReference; lastKnownFileType = sourcecode.swift; path = ProfileView.swift; sourceTree = "<group>"; };
		102089E62A9C5AB500A34EFC /* ProfileEditView.swift */ = {isa = PBXFileReference; lastKnownFileType = sourcecode.swift; path = ProfileEditView.swift; sourceTree = "<group>"; };
		102089E82A9C5BC800A34EFC /* UploadView.swift */ = {isa = PBXFileReference; lastKnownFileType = sourcecode.swift; path = UploadView.swift; sourceTree = "<group>"; };
		102089EA2A9C5C6600A34EFC /* RecordView.swift */ = {isa = PBXFileReference; lastKnownFileType = sourcecode.swift; path = RecordView.swift; sourceTree = "<group>"; };
		102089EC2A9C5D3800A34EFC /* CodePopupView.swift */ = {isa = PBXFileReference; lastKnownFileType = sourcecode.swift; path = CodePopupView.swift; sourceTree = "<group>"; };
		102089F02A9C647B00A34EFC /* MusicProgressView.swift */ = {isa = PBXFileReference; lastKnownFileType = sourcecode.swift; path = MusicProgressView.swift; sourceTree = "<group>"; };
		102089F32A9C691E00A34EFC /* CheckRecordViewController.swift */ = {isa = PBXFileReference; lastKnownFileType = sourcecode.swift; path = CheckRecordViewController.swift; sourceTree = "<group>"; };
		102089F52A9C692E00A34EFC /* CheckRecordView.swift */ = {isa = PBXFileReference; lastKnownFileType = sourcecode.swift; path = CheckRecordView.swift; sourceTree = "<group>"; };
		102089F82A9C82B400A34EFC /* SettingViewController.swift */ = {isa = PBXFileReference; lastKnownFileType = sourcecode.swift; path = SettingViewController.swift; sourceTree = "<group>"; };
		102089FA2A9C9ADE00A34EFC /* ReportViewController.swift */ = {isa = PBXFileReference; lastKnownFileType = sourcecode.swift; path = ReportViewController.swift; sourceTree = "<group>"; };
		102089FC2A9C9D0600A34EFC /* ReportPopupViewController.swift */ = {isa = PBXFileReference; lastKnownFileType = sourcecode.swift; path = ReportPopupViewController.swift; sourceTree = "<group>"; };
		102089FE2A9CABC100A34EFC /* AccountCell.swift */ = {isa = PBXFileReference; lastKnownFileType = sourcecode.swift; path = AccountCell.swift; sourceTree = "<group>"; };
		10208A002A9CADC700A34EFC /* AccountViewController.swift */ = {isa = PBXFileReference; lastKnownFileType = sourcecode.swift; path = AccountViewController.swift; sourceTree = "<group>"; };
		102144172AA0B0A300BCCB08 /* CustomTextView.swift */ = {isa = PBXFileReference; lastKnownFileType = sourcecode.swift; path = CustomTextView.swift; sourceTree = "<group>"; };
		1022BA332AB097DC0028C2DF /* VolumeViewController.swift */ = {isa = PBXFileReference; lastKnownFileType = sourcecode.swift; path = VolumeViewController.swift; sourceTree = "<group>"; };
		1022BA832AB2ECE70028C2DF /* BottomSheetViewController.swift */ = {isa = PBXFileReference; lastKnownFileType = sourcecode.swift; path = BottomSheetViewController.swift; sourceTree = "<group>"; };
		1022BA852AB2F14D0028C2DF /* SelfSizingTableView.swift */ = {isa = PBXFileReference; lastKnownFileType = sourcecode.swift; path = SelfSizingTableView.swift; sourceTree = "<group>"; };
		1022BA8A2AB2F6D70028C2DF /* EditProfileImageViewController.swift */ = {isa = PBXFileReference; lastKnownFileType = sourcecode.swift; path = EditProfileImageViewController.swift; sourceTree = "<group>"; };
		10332C5C2AC754F500217BC2 /* AudioManager.swift */ = {isa = PBXFileReference; lastKnownFileType = sourcecode.swift; path = AudioManager.swift; sourceTree = "<group>"; };
		103EF8F82AC2D70C007496D9 /* WithdrawResponse.swift */ = {isa = PBXFileReference; lastKnownFileType = sourcecode.swift; path = WithdrawResponse.swift; sourceTree = "<group>"; };
		1049419B2A9CB77B006B52BC /* UIColor+.swift */ = {isa = PBXFileReference; lastKnownFileType = sourcecode.swift; path = "UIColor+.swift"; sourceTree = "<group>"; };
		1049419D2A9CBB01006B52BC /* CustomBarButtonItem.swift */ = {isa = PBXFileReference; lastKnownFileType = sourcecode.swift; path = CustomBarButtonItem.swift; sourceTree = "<group>"; };
		104D93172AC09F6500EBEAF7 /* MyProfileResponse.swift */ = {isa = PBXFileReference; lastKnownFileType = sourcecode.swift; path = MyProfileResponse.swift; sourceTree = "<group>"; };
		104D939E2AC1D20500EBEAF7 /* EditProfileRequest.swift */ = {isa = PBXFileReference; lastKnownFileType = sourcecode.swift; path = EditProfileRequest.swift; sourceTree = "<group>"; };
		104D93A02AC1D21000EBEAF7 /* EditProfileResponse.swift */ = {isa = PBXFileReference; lastKnownFileType = sourcecode.swift; path = EditProfileResponse.swift; sourceTree = "<group>"; };
		104D93A22AC1D6D300EBEAF7 /* ProfileEditViewModel.swift */ = {isa = PBXFileReference; lastKnownFileType = sourcecode.swift; path = ProfileEditViewModel.swift; sourceTree = "<group>"; };
		107A75D42A7A69F300E9201B /* ARTISTACK.app */ = {isa = PBXFileReference; explicitFileType = wrapper.application; includeInIndex = 0; path = ARTISTACK.app; sourceTree = BUILT_PRODUCTS_DIR; };
		107A75D72A7A69F300E9201B /* AppDelegate.swift */ = {isa = PBXFileReference; lastKnownFileType = sourcecode.swift; path = AppDelegate.swift; sourceTree = "<group>"; };
		107A75D92A7A69F300E9201B /* SceneDelegate.swift */ = {isa = PBXFileReference; lastKnownFileType = sourcecode.swift; path = SceneDelegate.swift; sourceTree = "<group>"; };
		107A75DB2A7A69F300E9201B /* HomeViewController.swift */ = {isa = PBXFileReference; lastKnownFileType = sourcecode.swift; path = HomeViewController.swift; sourceTree = "<group>"; };
		107A75E02A7A69F400E9201B /* Assets.xcassets */ = {isa = PBXFileReference; lastKnownFileType = folder.assetcatalog; path = Assets.xcassets; sourceTree = "<group>"; };
		107A75E32A7A69F400E9201B /* Base */ = {isa = PBXFileReference; lastKnownFileType = file.storyboard; name = Base; path = Base.lproj/LaunchScreen.storyboard; sourceTree = "<group>"; };
		107A75E52A7A69F400E9201B /* Info.plist */ = {isa = PBXFileReference; lastKnownFileType = text.plist.xml; path = Info.plist; sourceTree = "<group>"; };
		107A75F22A7A6EF400E9201B /* UIVIew+.swift */ = {isa = PBXFileReference; lastKnownFileType = sourcecode.swift; path = "UIVIew+.swift"; sourceTree = "<group>"; };
		10831AD42A7A772000FB460C /* UserCell.swift */ = {isa = PBXFileReference; lastKnownFileType = sourcecode.swift; path = UserCell.swift; sourceTree = "<group>"; };
		10831AD72A7A77DC00FB460C /* BaseVIewController.swift */ = {isa = PBXFileReference; lastKnownFileType = sourcecode.swift; path = BaseVIewController.swift; sourceTree = "<group>"; };
		10831AE02A7A7F0A00FB460C /* LikedListDTO.swift */ = {isa = PBXFileReference; fileEncoding = 4; lastKnownFileType = sourcecode.swift; path = LikedListDTO.swift; sourceTree = "<group>"; };
		10831AE12A7A7F0A00FB460C /* Stack.swift */ = {isa = PBXFileReference; fileEncoding = 4; lastKnownFileType = sourcecode.swift; path = Stack.swift; sourceTree = "<group>"; };
		10831AE22A7A7F0A00FB460C /* Like.swift */ = {isa = PBXFileReference; fileEncoding = 4; lastKnownFileType = sourcecode.swift; path = Like.swift; sourceTree = "<group>"; };
		10831AE32A7A7F0A00FB460C /* InstrumentDTO.swift */ = {isa = PBXFileReference; fileEncoding = 4; lastKnownFileType = sourcecode.swift; path = InstrumentDTO.swift; sourceTree = "<group>"; };
		10831AE42A7A7F0A00FB460C /* UserDTO.swift */ = {isa = PBXFileReference; fileEncoding = 4; lastKnownFileType = sourcecode.swift; path = UserDTO.swift; sourceTree = "<group>"; };
		10831AE52A7A7F0A00FB460C /* ProjectResponse.swift */ = {isa = PBXFileReference; fileEncoding = 4; lastKnownFileType = sourcecode.swift; path = ProjectResponse.swift; sourceTree = "<group>"; };
		10831AE62A7A7F0A00FB460C /* PostDTO.swift */ = {isa = PBXFileReference; fileEncoding = 4; lastKnownFileType = sourcecode.swift; path = PostDTO.swift; sourceTree = "<group>"; };
		10831AEE2A7A81B100FB460C /* PostCell.swift */ = {isa = PBXFileReference; lastKnownFileType = sourcecode.swift; path = PostCell.swift; sourceTree = "<group>"; };
		10831AF02A7A924300FB460C /* UIStackView+.swift */ = {isa = PBXFileReference; lastKnownFileType = sourcecode.swift; path = "UIStackView+.swift"; sourceTree = "<group>"; };
		109B90E32AA4C024009958F1 /* UINavigationController+.swift */ = {isa = PBXFileReference; lastKnownFileType = sourcecode.swift; path = "UINavigationController+.swift"; sourceTree = "<group>"; };
		10AB4AC02A94B4B900E1B514 /* ProfileCell.swift */ = {isa = PBXFileReference; lastKnownFileType = sourcecode.swift; path = ProfileCell.swift; sourceTree = "<group>"; };
		10AB4AC22A94B4F300E1B514 /* ProjectCell.swift */ = {isa = PBXFileReference; lastKnownFileType = sourcecode.swift; path = ProjectCell.swift; sourceTree = "<group>"; };
		10AB4AC42A94C3B000E1B514 /* ProjectHeaderView.swift */ = {isa = PBXFileReference; lastKnownFileType = sourcecode.swift; path = ProjectHeaderView.swift; sourceTree = "<group>"; };
		10AB4AC72A94CCF700E1B514 /* Tab.swift */ = {isa = PBXFileReference; lastKnownFileType = sourcecode.swift; path = Tab.swift; sourceTree = "<group>"; };
		10AB4AC92A94CD6B00E1B514 /* MainTabBarController.swift */ = {isa = PBXFileReference; lastKnownFileType = sourcecode.swift; path = MainTabBarController.swift; sourceTree = "<group>"; };
		10AB4ACD2A95BF2800E1B514 /* RecordViewController.swift */ = {isa = PBXFileReference; lastKnownFileType = sourcecode.swift; path = RecordViewController.swift; sourceTree = "<group>"; };
		10AB4AD92A96DC1D00E1B514 /* SeparatorView.swift */ = {isa = PBXFileReference; lastKnownFileType = sourcecode.swift; path = SeparatorView.swift; sourceTree = "<group>"; };
		10AB4AE02A97123000E1B514 /* CodePopupViewController.swift */ = {isa = PBXFileReference; lastKnownFileType = sourcecode.swift; path = CodePopupViewController.swift; sourceTree = "<group>"; };
		10AB4AE92A9739C300E1B514 /* PreStackPopupViewController.swift */ = {isa = PBXFileReference; lastKnownFileType = sourcecode.swift; path = PreStackPopupViewController.swift; sourceTree = "<group>"; };
		10B067712A9485C100BFA002 /* ProfileViewController.swift */ = {isa = PBXFileReference; lastKnownFileType = sourcecode.swift; path = ProfileViewController.swift; sourceTree = "<group>"; };
		10C31A5F2ABD692E00C69791 /* VolumeView.swift */ = {isa = PBXFileReference; lastKnownFileType = sourcecode.swift; path = VolumeView.swift; sourceTree = "<group>"; };
		10C31A612ABEB9CA00C69791 /* CustomSlider.swift */ = {isa = PBXFileReference; lastKnownFileType = sourcecode.swift; path = CustomSlider.swift; sourceTree = "<group>"; };
		10C31A632ABF3E4300C69791 /* UploadViewModel.swift */ = {isa = PBXFileReference; lastKnownFileType = sourcecode.swift; path = UploadViewModel.swift; sourceTree = "<group>"; };
		10C31A6D2ABF45EF00C69791 /* LoginViewController.swift */ = {isa = PBXFileReference; lastKnownFileType = sourcecode.swift; path = LoginViewController.swift; sourceTree = "<group>"; };
		10C31A6F2ABF460500C69791 /* LoginView.swift */ = {isa = PBXFileReference; lastKnownFileType = sourcecode.swift; path = LoginView.swift; sourceTree = "<group>"; };
		10C31A712ABF461E00C69791 /* OnbaordingAccountViewController.swift */ = {isa = PBXFileReference; lastKnownFileType = sourcecode.swift; path = OnbaordingAccountViewController.swift; sourceTree = "<group>"; };
		10C31A732ABF466D00C69791 /* OnboardingAccountView.swift */ = {isa = PBXFileReference; lastKnownFileType = sourcecode.swift; path = OnboardingAccountView.swift; sourceTree = "<group>"; };
		10C31A752ABF469B00C69791 /* OnboardingUserNameViewController.swift */ = {isa = PBXFileReference; lastKnownFileType = sourcecode.swift; path = OnboardingUserNameViewController.swift; sourceTree = "<group>"; };
		10C31A772ABF46B400C69791 /* OnboardingUserNameView.swift */ = {isa = PBXFileReference; lastKnownFileType = sourcecode.swift; path = OnboardingUserNameView.swift; sourceTree = "<group>"; };
		10C31A792ABF46E800C69791 /* OnboardingProfileViewController.swift */ = {isa = PBXFileReference; lastKnownFileType = sourcecode.swift; path = OnboardingProfileViewController.swift; sourceTree = "<group>"; };
		10C31A7B2ABF46F000C69791 /* OnboardingProfileView.swift */ = {isa = PBXFileReference; lastKnownFileType = sourcecode.swift; path = OnboardingProfileView.swift; sourceTree = "<group>"; };
		10C31A7D2ABF470200C69791 /* OnboardingAgreementViewController.swift */ = {isa = PBXFileReference; lastKnownFileType = sourcecode.swift; path = OnboardingAgreementViewController.swift; sourceTree = "<group>"; };
		10C31A7F2ABF470D00C69791 /* OnboardingAgreementView.swift */ = {isa = PBXFileReference; lastKnownFileType = sourcecode.swift; path = OnboardingAgreementView.swift; sourceTree = "<group>"; };
		10C31A812ABF471600C69791 /* WelcomeViewController.swift */ = {isa = PBXFileReference; lastKnownFileType = sourcecode.swift; path = WelcomeViewController.swift; sourceTree = "<group>"; };
		10C31A832ABF4E7F00C69791 /* LoginButton.swift */ = {isa = PBXFileReference; lastKnownFileType = sourcecode.swift; path = LoginButton.swift; sourceTree = "<group>"; };
		10C375022AB4773E00462A1B /* EditProfileImageView.swift */ = {isa = PBXFileReference; lastKnownFileType = sourcecode.swift; path = EditProfileImageView.swift; sourceTree = "<group>"; };
		10C76E852AA8822900D5AFA6 /* StackButton.swift */ = {isa = PBXFileReference; lastKnownFileType = sourcecode.swift; path = StackButton.swift; sourceTree = "<group>"; };
		10C929B72A9F73F200BA83D9 /* UILabel+.swift */ = {isa = PBXFileReference; lastKnownFileType = sourcecode.swift; path = "UILabel+.swift"; sourceTree = "<group>"; };
		10C9B62C2A7BDCAE00026EE0 /* UITableView+Reuseable.swift */ = {isa = PBXFileReference; fileEncoding = 4; lastKnownFileType = sourcecode.swift; path = "UITableView+Reuseable.swift"; sourceTree = "<group>"; };
		10C9B62D2A7BDCAE00026EE0 /* UICollection+ReusableView.swift */ = {isa = PBXFileReference; fileEncoding = 4; lastKnownFileType = sourcecode.swift; path = "UICollection+ReusableView.swift"; sourceTree = "<group>"; };
		10C9B62E2A7BDCAF00026EE0 /* ReusableView.swift */ = {isa = PBXFileReference; fileEncoding = 4; lastKnownFileType = sourcecode.swift; path = ReusableView.swift; sourceTree = "<group>"; };
		10D40D592AE8214D00786D7D /* VideoPlayerView.swift */ = {isa = PBXFileReference; fileEncoding = 4; lastKnownFileType = sourcecode.swift; path = VideoPlayerView.swift; sourceTree = "<group>"; };
		10D40D5B2AE821CD00786D7D /* VideoCacheManager.swift */ = {isa = PBXFileReference; fileEncoding = 4; lastKnownFileType = sourcecode.swift; path = VideoCacheManager.swift; sourceTree = "<group>"; };
		10D40D612AE8E1B300786D7D /* ProjectViewController.swift */ = {isa = PBXFileReference; lastKnownFileType = sourcecode.swift; path = ProjectViewController.swift; sourceTree = "<group>"; };
		10D40D632AE8E1D900786D7D /* ProjectViewModel.swift */ = {isa = PBXFileReference; lastKnownFileType = sourcecode.swift; path = ProjectViewModel.swift; sourceTree = "<group>"; };
		10D40D662AE90EDE00786D7D /* PostCellViewModel.swift */ = {isa = PBXFileReference; lastKnownFileType = sourcecode.swift; path = PostCellViewModel.swift; sourceTree = "<group>"; };
		10D40D682AE911F500786D7D /* LikeResponse.swift */ = {isa = PBXFileReference; lastKnownFileType = sourcecode.swift; path = LikeResponse.swift; sourceTree = "<group>"; };
		10D4B13A2AC3EB400096E995 /* MediaManager.swift */ = {isa = PBXFileReference; lastKnownFileType = sourcecode.swift; path = MediaManager.swift; sourceTree = "<group>"; };
		10F79D1A2AC01B9500E31063 /* RootSwitcher.swift */ = {isa = PBXFileReference; lastKnownFileType = sourcecode.swift; path = RootSwitcher.swift; sourceTree = "<group>"; };
		10F79D282AC0358700E31063 /* TargetType.swift */ = {isa = PBXFileReference; lastKnownFileType = sourcecode.swift; path = TargetType.swift; sourceTree = "<group>"; };
		10F79D2A2AC0378600E31063 /* HTTPHeaderField.swift */ = {isa = PBXFileReference; lastKnownFileType = sourcecode.swift; path = HTTPHeaderField.swift; sourceTree = "<group>"; };
		10F79D2F2AC038D700E31063 /* APIEventLogger.swift */ = {isa = PBXFileReference; lastKnownFileType = sourcecode.swift; path = APIEventLogger.swift; sourceTree = "<group>"; };
		10F79D312AC039FD00E31063 /* ARTISTACK.entitlements */ = {isa = PBXFileReference; lastKnownFileType = text.plist.entitlements; path = ARTISTACK.entitlements; sourceTree = "<group>"; };
		10F79D322AC041CD00E31063 /* LoginRequest.swift */ = {isa = PBXFileReference; lastKnownFileType = sourcecode.swift; path = LoginRequest.swift; sourceTree = "<group>"; };
		10F79D342AC041D600E31063 /* LoginResponse.swift */ = {isa = PBXFileReference; lastKnownFileType = sourcecode.swift; path = LoginResponse.swift; sourceTree = "<group>"; };
		10F79D372AC0447400E31063 /* OAuthTarget.swift */ = {isa = PBXFileReference; lastKnownFileType = sourcecode.swift; path = OAuthTarget.swift; sourceTree = "<group>"; };
		10F79D3B2AC0508200E31063 /* Network.swift */ = {isa = PBXFileReference; lastKnownFileType = sourcecode.swift; path = Network.swift; sourceTree = "<group>"; };
		10F79D3E2AC059E400E31063 /* UsersTarget.swift */ = {isa = PBXFileReference; lastKnownFileType = sourcecode.swift; path = UsersTarget.swift; sourceTree = "<group>"; };
		10F79D422AC05B1900E31063 /* DuplicateRequest.swift */ = {isa = PBXFileReference; lastKnownFileType = sourcecode.swift; path = DuplicateRequest.swift; sourceTree = "<group>"; };
		10F79D442AC05B2300E31063 /* DuplicateResponse.swift */ = {isa = PBXFileReference; lastKnownFileType = sourcecode.swift; path = DuplicateResponse.swift; sourceTree = "<group>"; };
		10F79D472AC05C7C00E31063 /* CustomObservable.swift */ = {isa = PBXFileReference; lastKnownFileType = sourcecode.swift; path = CustomObservable.swift; sourceTree = "<group>"; };
		10F79D492AC05D1800E31063 /* OnboardingAccountViewModel.swift */ = {isa = PBXFileReference; lastKnownFileType = sourcecode.swift; path = OnboardingAccountViewModel.swift; sourceTree = "<group>"; };
		10F79D4B2AC06C3100E31063 /* SignupRequest.swift */ = {isa = PBXFileReference; lastKnownFileType = sourcecode.swift; path = SignupRequest.swift; sourceTree = "<group>"; };
		10F79D4D2AC06C3A00E31063 /* SignupResponse.swift */ = {isa = PBXFileReference; lastKnownFileType = sourcecode.swift; path = SignupResponse.swift; sourceTree = "<group>"; };
/* End PBXFileReference section */

/* Begin PBXFrameworksBuildPhase section */
		107A75D12A7A69F300E9201B /* Frameworks */ = {
			isa = PBXFrameworksBuildPhase;
			buildActionMask = 2147483647;
			files = (
				108916062AEEB207001075A3 /* RxCocoa in Frameworks */,
				1089160B2AEEB76D001075A3 /* Alamofire in Frameworks */,
				1022BA372AB09B150028C2DF /* FloatingPanel in Frameworks */,
				10831AD02A7A76C100FB460C /* SnapKit in Frameworks */,
				10831AD32A7A76CE00FB460C /* Then in Frameworks */,
				10F79D232AC0336900E31063 /* Kingfisher in Frameworks */,
				108916082AEEB207001075A3 /* RxSwift in Frameworks */,
			);
			runOnlyForDeploymentPostprocessing = 0;
		};
/* End PBXFrameworksBuildPhase section */

/* Begin PBXGroup section */
		101E394C2AE7A8AB001F4534 /* Projects */ = {
			isa = PBXGroup;
			children = (
				101E394D2AE7A8D6001F4534 /* ProjectsTarget.swift */,
			);
			path = Projects;
			sourceTree = "<group>";
		};
		101E394F2AE7ACAD001F4534 /* Project */ = {
			isa = PBXGroup;
			children = (
				10831AE52A7A7F0A00FB460C /* ProjectResponse.swift */,
				10D40D682AE911F500786D7D /* LikeResponse.swift */,
			);
			name = Project;
			sourceTree = "<group>";
		};
		1020899E2A99EE4200A34EFC /* Cell */ = {
			isa = PBXGroup;
			children = (
				10D40D652AE90EC100786D7D /* Post */,
				10831AD42A7A772000FB460C /* UserCell.swift */,
				10AB4AC02A94B4B900E1B514 /* ProfileCell.swift */,
				10AB4AC22A94B4F300E1B514 /* ProjectCell.swift */,
				102089FE2A9CABC100A34EFC /* AccountCell.swift */,
			);
			path = Cell;
			sourceTree = "<group>";
		};
		102089A02A99EE5800A34EFC /* Header */ = {
			isa = PBXGroup;
			children = (
				1020898E2A988CB700A34EFC /* LikePopupHeaderView.swift */,
				10AB4AC42A94C3B000E1B514 /* ProjectHeaderView.swift */,
			);
			path = Header;
			sourceTree = "<group>";
		};
		102089A12A99EE6B00A34EFC /* Custom */ = {
			isa = PBXGroup;
			children = (
				1020899C2A99ED6F00A34EFC /* TipView.swift */,
				102089A22A99EFA900A34EFC /* ToolTipView.swift */,
				1020899A2A99DFE600A34EFC /* CompleteButton.swift */,
				102089922A99AB8400A34EFC /* popupMenuButton.swift */,
				102089962A99CAF500A34EFC /* ProfileImageView.swift */,
				10AB4AD92A96DC1D00E1B514 /* SeparatorView.swift */,
				102089902A989A2800A34EFC /* popupContentButton.swift */,
				102089A62A9A2F2D00A34EFC /* InstButton.swift */,
				102089AA2A9BB53200A34EFC /* RecordUtilButton.swift */,
				102089F02A9C647B00A34EFC /* MusicProgressView.swift */,
				1049419D2A9CBB01006B52BC /* CustomBarButtonItem.swift */,
				102144172AA0B0A300BCCB08 /* CustomTextView.swift */,
				102089A82A9A719300A34EFC /* CustomTextFieldView.swift */,
				10C76E852AA8822900D5AFA6 /* StackButton.swift */,
				1022BA832AB2ECE70028C2DF /* BottomSheetViewController.swift */,
				1022BA852AB2F14D0028C2DF /* SelfSizingTableView.swift */,
				10C31A612ABEB9CA00C69791 /* CustomSlider.swift */,
				10C31A832ABF4E7F00C69791 /* LoginButton.swift */,
			);
			path = Custom;
			sourceTree = "<group>";
		};
		102089EE2A9C5DD900A34EFC /* Upload */ = {
			isa = PBXGroup;
			children = (
				102089A42A9A2ED200A34EFC /* UploadViewController.swift */,
				102089E82A9C5BC800A34EFC /* UploadView.swift */,
				10C31A632ABF3E4300C69791 /* UploadViewModel.swift */,
			);
			path = Upload;
			sourceTree = "<group>";
		};
		102089EF2A9C5DE900A34EFC /* Edit */ = {
			isa = PBXGroup;
			children = (
				102089942A99CA9800A34EFC /* ProfileEditViewController.swift */,
				102089E62A9C5AB500A34EFC /* ProfileEditView.swift */,
				104D93A22AC1D6D300EBEAF7 /* ProfileEditViewModel.swift */,
			);
			path = Edit;
			sourceTree = "<group>";
		};
		102089F22A9C690A00A34EFC /* CheckRecord */ = {
			isa = PBXGroup;
			children = (
				102089F52A9C692E00A34EFC /* CheckRecordView.swift */,
				102089F32A9C691E00A34EFC /* CheckRecordViewController.swift */,
			);
			path = CheckRecord;
			sourceTree = "<group>";
		};
		102089F72A9C829D00A34EFC /* Setting */ = {
			isa = PBXGroup;
			children = (
				102089F82A9C82B400A34EFC /* SettingViewController.swift */,
				10208A002A9CADC700A34EFC /* AccountViewController.swift */,
				102089FA2A9C9ADE00A34EFC /* ReportViewController.swift */,
				102089FC2A9C9D0600A34EFC /* ReportPopupViewController.swift */,
			);
			path = Setting;
			sourceTree = "<group>";
		};
		1022BA892AB2F6960028C2DF /* Popup */ = {
			isa = PBXGroup;
			children = (
				1022BA8A2AB2F6D70028C2DF /* EditProfileImageViewController.swift */,
				10C375022AB4773E00462A1B /* EditProfileImageView.swift */,
			);
			path = Popup;
			sourceTree = "<group>";
		};
		107A75CB2A7A69F300E9201B = {
			isa = PBXGroup;
			children = (
				107A75D62A7A69F300E9201B /* ARTISTACK */,
				107A75D52A7A69F300E9201B /* Products */,
			);
			sourceTree = "<group>";
		};
		107A75D52A7A69F300E9201B /* Products */ = {
			isa = PBXGroup;
			children = (
				107A75D42A7A69F300E9201B /* ARTISTACK.app */,
			);
			name = Products;
			sourceTree = "<group>";
		};
		107A75D62A7A69F300E9201B /* ARTISTACK */ = {
			isa = PBXGroup;
			children = (
				10F79D312AC039FD00E31063 /* ARTISTACK.entitlements */,
				107A75EE2A7A6DB300E9201B /* Application */,
				107A75ED2A7A6DA900E9201B /* Global */,
				10831AD92A7A7D4800FB460C /* Data */,
				107A75EB2A7A6D4A00E9201B /* Presentation */,
				107A75E52A7A69F400E9201B /* Info.plist */,
			);
			path = ARTISTACK;
			sourceTree = "<group>";
		};
		107A75EB2A7A6D4A00E9201B /* Presentation */ = {
			isa = PBXGroup;
			children = (
				10AB4AC62A94CCEC00E1B514 /* Tab */,
				10831AD62A7A77BA00FB460C /* Base */,
				10C31A652ABF44A500C69791 /* Onboarding */,
				107A75EC2A7A6D5800E9201B /* Home */,
				10AB4ACC2A95BEFF00E1B514 /* Record */,
				10B067702A94859400BFA002 /* Profile */,
				102089F72A9C829D00A34EFC /* Setting */,
			);
			path = Presentation;
			sourceTree = "<group>";
		};
		107A75EC2A7A6D5800E9201B /* Home */ = {
			isa = PBXGroup;
			children = (
				10AB4ACB2A94EF3500E1B514 /* Popup */,
				107A75DB2A7A69F300E9201B /* HomeViewController.swift */,
				102089E22A9C582A00A34EFC /* HomeView.swift */,
				101E39442AE6B738001F4534 /* HomeViewModel.swift */,
			);
			path = Home;
			sourceTree = "<group>";
		};
		107A75ED2A7A6DA900E9201B /* Global */ = {
			isa = PBXGroup;
			children = (
				10C9B62B2A7BDC8A00026EE0 /* Util */,
				107A75F12A7A6E0E00E9201B /* Component */,
				107A75F02A7A6DFC00E9201B /* Extension */,
				107A75EF2A7A6DD700E9201B /* Resource */,
			);
			path = Global;
			sourceTree = "<group>";
		};
		107A75EE2A7A6DB300E9201B /* Application */ = {
			isa = PBXGroup;
			children = (
				107A75D72A7A69F300E9201B /* AppDelegate.swift */,
				107A75D92A7A69F300E9201B /* SceneDelegate.swift */,
			);
			path = Application;
			sourceTree = "<group>";
		};
		107A75EF2A7A6DD700E9201B /* Resource */ = {
			isa = PBXGroup;
			children = (
				107A75E22A7A69F400E9201B /* LaunchScreen.storyboard */,
				107A75E02A7A69F400E9201B /* Assets.xcassets */,
				101E39462AE6B757001F4534 /* Image.swift */,
				101E39482AE6B761001F4534 /* Color.swift */,
				101E394A2AE6BCCE001F4534 /* Font.swift */,
			);
			path = Resource;
			sourceTree = "<group>";
		};
		107A75F02A7A6DFC00E9201B /* Extension */ = {
			isa = PBXGroup;
			children = (
				107A75F22A7A6EF400E9201B /* UIVIew+.swift */,
				10831AF02A7A924300FB460C /* UIStackView+.swift */,
				102089982A99D87C00A34EFC /* UIViewController+.swift */,
				1049419B2A9CB77B006B52BC /* UIColor+.swift */,
				10C929B72A9F73F200BA83D9 /* UILabel+.swift */,
				109B90E32AA4C024009958F1 /* UINavigationController+.swift */,
			);
			path = Extension;
			sourceTree = "<group>";
		};
		107A75F12A7A6E0E00E9201B /* Component */ = {
			isa = PBXGroup;
			children = (
				10D40D5D2AE821D100786D7D /* Video */,
				102089A12A99EE6B00A34EFC /* Custom */,
				102089A02A99EE5800A34EFC /* Header */,
				1020899E2A99EE4200A34EFC /* Cell */,
			);
			path = Component;
			sourceTree = "<group>";
		};
		10831AD62A7A77BA00FB460C /* Base */ = {
			isa = PBXGroup;
			children = (
				10831AD72A7A77DC00FB460C /* BaseVIewController.swift */,
				102089E02A9C57E800A34EFC /* BaseView.swift */,
			);
			path = Base;
			sourceTree = "<group>";
		};
		10831AD92A7A7D4800FB460C /* Data */ = {
			isa = PBXGroup;
			children = (
				10C76ED92AA9AEE900D5AFA6 /* Network */,
				10831ADF2A7A7F0A00FB460C /* Model */,
			);
			path = Data;
			sourceTree = "<group>";
		};
		10831ADF2A7A7F0A00FB460C /* Model */ = {
			isa = PBXGroup;
			children = (
				101E394F2AE7ACAD001F4534 /* Project */,
				10F79D412AC05B0500E31063 /* Users */,
				10F79D402AC05AE400E31063 /* OAuth */,
				10831AE12A7A7F0A00FB460C /* Stack.swift */,
				10831AE02A7A7F0A00FB460C /* LikedListDTO.swift */,
				10831AE22A7A7F0A00FB460C /* Like.swift */,
				10831AE32A7A7F0A00FB460C /* InstrumentDTO.swift */,
				10831AE42A7A7F0A00FB460C /* UserDTO.swift */,
				10831AE62A7A7F0A00FB460C /* PostDTO.swift */,
			);
			name = Model;
			path = Model/Model;
			sourceTree = "<group>";
		};
		10AB4AC62A94CCEC00E1B514 /* Tab */ = {
			isa = PBXGroup;
			children = (
				10AB4AC72A94CCF700E1B514 /* Tab.swift */,
				10AB4AC92A94CD6B00E1B514 /* MainTabBarController.swift */,
			);
			path = Tab;
			sourceTree = "<group>";
		};
		10AB4ACB2A94EF3500E1B514 /* Popup */ = {
			isa = PBXGroup;
			children = (
				10AB4AE02A97123000E1B514 /* CodePopupViewController.swift */,
				102089EC2A9C5D3800A34EFC /* CodePopupView.swift */,
				10AB4AE92A9739C300E1B514 /* PreStackPopupViewController.swift */,
				1020898C2A987DCA00A34EFC /* LikePopupViewController.swift */,
			);
			path = Popup;
			sourceTree = "<group>";
		};
		10AB4ACC2A95BEFF00E1B514 /* Record */ = {
			isa = PBXGroup;
			children = (
				102089F22A9C690A00A34EFC /* CheckRecord */,
				10C31A5D2ABD690400C69791 /* Popup */,
				102089EE2A9C5DD900A34EFC /* Upload */,
				10F79D4F2AC0778500E31063 /* Record */,
			);
			path = Record;
			sourceTree = "<group>";
		};
		10B067702A94859400BFA002 /* Profile */ = {
			isa = PBXGroup;
			children = (
				10D40D602AE8E1A800786D7D /* Project */,
				1022BA892AB2F6960028C2DF /* Popup */,
				102089EF2A9C5DE900A34EFC /* Edit */,
				10B067712A9485C100BFA002 /* ProfileViewController.swift */,
				102089E42A9C590500A34EFC /* ProfileView.swift */,
				101E39502AE7B337001F4534 /* ProfileViewModel.swift */,
			);
			path = Profile;
			sourceTree = "<group>";
		};
		10C31A5D2ABD690400C69791 /* Popup */ = {
			isa = PBXGroup;
			children = (
				1022BA332AB097DC0028C2DF /* VolumeViewController.swift */,
				10C31A5F2ABD692E00C69791 /* VolumeView.swift */,
			);
			path = Popup;
			sourceTree = "<group>";
		};
		10C31A652ABF44A500C69791 /* Onboarding */ = {
			isa = PBXGroup;
			children = (
				10C31A662ABF44D600C69791 /* Login */,
				10C31A672ABF455800C69791 /* Account */,
				10C31A682ABF456000C69791 /* Nickname */,
				10C31A692ABF456E00C69791 /* Profile */,
				10C31A6A2ABF458700C69791 /* Agreement */,
				10C31A6B2ABF45A000C69791 /* Welcome */,
			);
			path = Onboarding;
			sourceTree = "<group>";
		};
		10C31A662ABF44D600C69791 /* Login */ = {
			isa = PBXGroup;
			children = (
				10C31A6D2ABF45EF00C69791 /* LoginViewController.swift */,
				10C31A6F2ABF460500C69791 /* LoginView.swift */,
			);
			path = Login;
			sourceTree = "<group>";
		};
		10C31A672ABF455800C69791 /* Account */ = {
			isa = PBXGroup;
			children = (
				10C31A712ABF461E00C69791 /* OnbaordingAccountViewController.swift */,
				10C31A732ABF466D00C69791 /* OnboardingAccountView.swift */,
				10F79D492AC05D1800E31063 /* OnboardingAccountViewModel.swift */,
			);
			path = Account;
			sourceTree = "<group>";
		};
		10C31A682ABF456000C69791 /* Nickname */ = {
			isa = PBXGroup;
			children = (
				10C31A752ABF469B00C69791 /* OnboardingUserNameViewController.swift */,
				10C31A772ABF46B400C69791 /* OnboardingUserNameView.swift */,
			);
			path = Nickname;
			sourceTree = "<group>";
		};
		10C31A692ABF456E00C69791 /* Profile */ = {
			isa = PBXGroup;
			children = (
				10C31A792ABF46E800C69791 /* OnboardingProfileViewController.swift */,
				10C31A7B2ABF46F000C69791 /* OnboardingProfileView.swift */,
			);
			path = Profile;
			sourceTree = "<group>";
		};
		10C31A6A2ABF458700C69791 /* Agreement */ = {
			isa = PBXGroup;
			children = (
				10C31A7D2ABF470200C69791 /* OnboardingAgreementViewController.swift */,
				10C31A7F2ABF470D00C69791 /* OnboardingAgreementView.swift */,
			);
			path = Agreement;
			sourceTree = "<group>";
		};
		10C31A6B2ABF45A000C69791 /* Welcome */ = {
			isa = PBXGroup;
			children = (
				10C31A812ABF471600C69791 /* WelcomeViewController.swift */,
			);
			path = Welcome;
			sourceTree = "<group>";
		};
		10C76ED92AA9AEE900D5AFA6 /* Network */ = {
			isa = PBXGroup;
			children = (
				10F79D2D2AC0385800E31063 /* API */,
				10F79D2C2AC0384900E31063 /* OAuth */,
				10F79D272AC0357D00E31063 /* Base */,
				10F79D3B2AC0508200E31063 /* Network.swift */,
			);
			path = Network;
			sourceTree = "<group>";
		};
		10C9B62B2A7BDC8A00026EE0 /* Util */ = {
			isa = PBXGroup;
			children = (
				10D4B1392AC3EB2D0096E995 /* Media */,
				10F79D462AC05C6F00E31063 /* Observable */,
				10F79D192AC01B8900E31063 /* RootSwitcher */,
				10F79D182AC01B7A00E31063 /* Reusable */,
			);
			path = Util;
			sourceTree = "<group>";
		};
		10D40D5D2AE821D100786D7D /* Video */ = {
			isa = PBXGroup;
			children = (
				10D40D592AE8214D00786D7D /* VideoPlayerView.swift */,
				10D40D5B2AE821CD00786D7D /* VideoCacheManager.swift */,
			);
			path = Video;
			sourceTree = "<group>";
		};
		10D40D602AE8E1A800786D7D /* Project */ = {
			isa = PBXGroup;
			children = (
				10D40D612AE8E1B300786D7D /* ProjectViewController.swift */,
				10D40D632AE8E1D900786D7D /* ProjectViewModel.swift */,
			);
			path = Project;
			sourceTree = "<group>";
		};
		10D40D652AE90EC100786D7D /* Post */ = {
			isa = PBXGroup;
			children = (
				10831AEE2A7A81B100FB460C /* PostCell.swift */,
				10D40D662AE90EDE00786D7D /* PostCellViewModel.swift */,
			);
			path = Post;
			sourceTree = "<group>";
		};
		10D4B1392AC3EB2D0096E995 /* Media */ = {
			isa = PBXGroup;
			children = (
				10D4B13A2AC3EB400096E995 /* MediaManager.swift */,
				10332C5C2AC754F500217BC2 /* AudioManager.swift */,
			);
			path = Media;
			sourceTree = "<group>";
		};
		10F79D182AC01B7A00E31063 /* Reusable */ = {
			isa = PBXGroup;
			children = (
				10C9B62C2A7BDCAE00026EE0 /* UITableView+Reuseable.swift */,
				10C9B62D2A7BDCAE00026EE0 /* UICollection+ReusableView.swift */,
				10C9B62E2A7BDCAF00026EE0 /* ReusableView.swift */,
			);
			path = Reusable;
			sourceTree = "<group>";
		};
		10F79D192AC01B8900E31063 /* RootSwitcher */ = {
			isa = PBXGroup;
			children = (
				10F79D1A2AC01B9500E31063 /* RootSwitcher.swift */,
			);
			path = RootSwitcher;
			sourceTree = "<group>";
		};
		10F79D272AC0357D00E31063 /* Base */ = {
			isa = PBXGroup;
			children = (
				10F79D282AC0358700E31063 /* TargetType.swift */,
				10F79D2A2AC0378600E31063 /* HTTPHeaderField.swift */,
				10F79D2F2AC038D700E31063 /* APIEventLogger.swift */,
			);
			path = Base;
			sourceTree = "<group>";
		};
		10F79D2C2AC0384900E31063 /* OAuth */ = {
			isa = PBXGroup;
			children = (
			);
			path = OAuth;
			sourceTree = "<group>";
		};
		10F79D2D2AC0385800E31063 /* API */ = {
			isa = PBXGroup;
			children = (
				101E394C2AE7A8AB001F4534 /* Projects */,
				10F79D3D2AC059D600E31063 /* Users */,
				10F79D362AC0446800E31063 /* OAuth */,
			);
			path = API;
			sourceTree = "<group>";
		};
		10F79D362AC0446800E31063 /* OAuth */ = {
			isa = PBXGroup;
			children = (
				10F79D372AC0447400E31063 /* OAuthTarget.swift */,
			);
			path = OAuth;
			sourceTree = "<group>";
		};
		10F79D3D2AC059D600E31063 /* Users */ = {
			isa = PBXGroup;
			children = (
				10F79D3E2AC059E400E31063 /* UsersTarget.swift */,
			);
			path = Users;
			sourceTree = "<group>";
		};
		10F79D402AC05AE400E31063 /* OAuth */ = {
			isa = PBXGroup;
			children = (
				10F79D342AC041D600E31063 /* LoginResponse.swift */,
				10F79D322AC041CD00E31063 /* LoginRequest.swift */,
				10F79D4B2AC06C3100E31063 /* SignupRequest.swift */,
				10F79D4D2AC06C3A00E31063 /* SignupResponse.swift */,
				103EF8F82AC2D70C007496D9 /* WithdrawResponse.swift */,
			);
			path = OAuth;
			sourceTree = "<group>";
		};
		10F79D412AC05B0500E31063 /* Users */ = {
			isa = PBXGroup;
			children = (
				10F79D422AC05B1900E31063 /* DuplicateRequest.swift */,
				10F79D442AC05B2300E31063 /* DuplicateResponse.swift */,
				104D93172AC09F6500EBEAF7 /* MyProfileResponse.swift */,
				104D939E2AC1D20500EBEAF7 /* EditProfileRequest.swift */,
				104D93A02AC1D21000EBEAF7 /* EditProfileResponse.swift */,
			);
			path = Users;
			sourceTree = "<group>";
		};
		10F79D462AC05C6F00E31063 /* Observable */ = {
			isa = PBXGroup;
			children = (
				10F79D472AC05C7C00E31063 /* CustomObservable.swift */,
			);
			path = Observable;
			sourceTree = "<group>";
		};
		10F79D4F2AC0778500E31063 /* Record */ = {
			isa = PBXGroup;
			children = (
				10AB4ACD2A95BF2800E1B514 /* RecordViewController.swift */,
				102089EA2A9C5C6600A34EFC /* RecordView.swift */,
			);
			path = Record;
			sourceTree = "<group>";
		};
/* End PBXGroup section */

/* Begin PBXNativeTarget section */
		107A75D32A7A69F300E9201B /* ARTISTACK */ = {
			isa = PBXNativeTarget;
			buildConfigurationList = 107A75E82A7A69F400E9201B /* Build configuration list for PBXNativeTarget "ARTISTACK" */;
			buildPhases = (
				107A75D02A7A69F300E9201B /* Sources */,
				107A75D12A7A69F300E9201B /* Frameworks */,
				107A75D22A7A69F300E9201B /* Resources */,
			);
			buildRules = (
			);
			dependencies = (
			);
			name = ARTISTACK;
			packageProductDependencies = (
				10831ACF2A7A76C100FB460C /* SnapKit */,
				10831AD22A7A76CE00FB460C /* Then */,
				1022BA362AB09B150028C2DF /* FloatingPanel */,
				10F79D222AC0336900E31063 /* Kingfisher */,
				108916052AEEB207001075A3 /* RxCocoa */,
				108916072AEEB207001075A3 /* RxSwift */,
				1089160A2AEEB76D001075A3 /* Alamofire */,
			);
			productName = ARTISTACK;
			productReference = 107A75D42A7A69F300E9201B /* ARTISTACK.app */;
			productType = "com.apple.product-type.application";
		};
/* End PBXNativeTarget section */

/* Begin PBXProject section */
		107A75CC2A7A69F300E9201B /* Project object */ = {
			isa = PBXProject;
			attributes = {
				BuildIndependentTargetsInParallel = 1;
				LastSwiftUpdateCheck = 1430;
				LastUpgradeCheck = 1430;
				TargetAttributes = {
					107A75D32A7A69F300E9201B = {
						CreatedOnToolsVersion = 14.3;
					};
				};
			};
			buildConfigurationList = 107A75CF2A7A69F300E9201B /* Build configuration list for PBXProject "ARTISTACK" */;
			compatibilityVersion = "Xcode 14.0";
			developmentRegion = en;
			hasScannedForEncodings = 0;
			knownRegions = (
				en,
				Base,
			);
			mainGroup = 107A75CB2A7A69F300E9201B;
			packageReferences = (
				10831ACE2A7A76C100FB460C /* XCRemoteSwiftPackageReference "SnapKit" */,
				10831AD12A7A76CE00FB460C /* XCRemoteSwiftPackageReference "Then" */,
				1022BA352AB09B150028C2DF /* XCRemoteSwiftPackageReference "FloatingPanel" */,
				10F79D212AC0336900E31063 /* XCRemoteSwiftPackageReference "Kingfisher" */,
				108916042AEEB207001075A3 /* XCRemoteSwiftPackageReference "RxSwift" */,
				108916092AEEB76D001075A3 /* XCRemoteSwiftPackageReference "Alamofire" */,
			);
			productRefGroup = 107A75D52A7A69F300E9201B /* Products */;
			projectDirPath = "";
			projectRoot = "";
			targets = (
				107A75D32A7A69F300E9201B /* ARTISTACK */,
			);
		};
/* End PBXProject section */

/* Begin PBXResourcesBuildPhase section */
		107A75D22A7A69F300E9201B /* Resources */ = {
			isa = PBXResourcesBuildPhase;
			buildActionMask = 2147483647;
			files = (
				107A75E42A7A69F400E9201B /* LaunchScreen.storyboard in Resources */,
				107A75E12A7A69F400E9201B /* Assets.xcassets in Resources */,
			);
			runOnlyForDeploymentPostprocessing = 0;
		};
/* End PBXResourcesBuildPhase section */

/* Begin PBXSourcesBuildPhase section */
		107A75D02A7A69F300E9201B /* Sources */ = {
			isa = PBXSourcesBuildPhase;
			buildActionMask = 2147483647;
			files = (
				10D40D672AE90EDE00786D7D /* PostCellViewModel.swift in Sources */,
				10C31A722ABF461E00C69791 /* OnbaordingAccountViewController.swift in Sources */,
				10AB4ADA2A96DC1E00E1B514 /* SeparatorView.swift in Sources */,
				10C31A622ABEB9CA00C69791 /* CustomSlider.swift in Sources */,
				10F79D292AC0358700E31063 /* TargetType.swift in Sources */,
				10831AEB2A7A7F0A00FB460C /* UserDTO.swift in Sources */,
				10D40D692AE911F500786D7D /* LikeResponse.swift in Sources */,
				10C31A642ABF3E4300C69791 /* UploadViewModel.swift in Sources */,
				102089A92A9A719300A34EFC /* CustomTextFieldView.swift in Sources */,
				10F79D1B2AC01B9500E31063 /* RootSwitcher.swift in Sources */,
				10831AE72A7A7F0A00FB460C /* LikedListDTO.swift in Sources */,
				10AB4ACA2A94CD6B00E1B514 /* MainTabBarController.swift in Sources */,
				10F79D4E2AC06C3A00E31063 /* SignupResponse.swift in Sources */,
				104D93A32AC1D6D300EBEAF7 /* ProfileEditViewModel.swift in Sources */,
				102089E32A9C582A00A34EFC /* HomeView.swift in Sources */,
				10F79D302AC038D700E31063 /* APIEventLogger.swift in Sources */,
				10831AD52A7A772000FB460C /* UserCell.swift in Sources */,
				102089A72A9A2F2D00A34EFC /* InstButton.swift in Sources */,
				10F79D4A2AC05D1800E31063 /* OnboardingAccountViewModel.swift in Sources */,
				101E39492AE6B761001F4534 /* Color.swift in Sources */,
				10D40D5C2AE821CD00786D7D /* VideoCacheManager.swift in Sources */,
				10F79D2B2AC0378600E31063 /* HTTPHeaderField.swift in Sources */,
				102144182AA0B0A300BCCB08 /* CustomTextView.swift in Sources */,
				10C31A7E2ABF470200C69791 /* OnboardingAgreementViewController.swift in Sources */,
				107A75F32A7A6EF400E9201B /* UIVIew+.swift in Sources */,
				101E394E2AE7A8D6001F4534 /* ProjectsTarget.swift in Sources */,
				10AB4AC82A94CCF700E1B514 /* Tab.swift in Sources */,
				1022BA8B2AB2F6D70028C2DF /* EditProfileImageViewController.swift in Sources */,
				102089F12A9C647B00A34EFC /* MusicProgressView.swift in Sources */,
				102089992A99D87C00A34EFC /* UIViewController+.swift in Sources */,
				10F79D3C2AC0508200E31063 /* Network.swift in Sources */,
				102089F42A9C691E00A34EFC /* CheckRecordViewController.swift in Sources */,
				1020899B2A99DFE600A34EFC /* CompleteButton.swift in Sources */,
				102089FB2A9C9ADE00A34EFC /* ReportViewController.swift in Sources */,
				102089ED2A9C5D3800A34EFC /* CodePopupView.swift in Sources */,
				107A75DC2A7A69F300E9201B /* HomeViewController.swift in Sources */,
				1020899D2A99ED6F00A34EFC /* TipView.swift in Sources */,
				101E394B2AE6BCCE001F4534 /* Font.swift in Sources */,
				10F79D352AC041D600E31063 /* LoginResponse.swift in Sources */,
				10831AEC2A7A7F0A00FB460C /* ProjectResponse.swift in Sources */,
				103EF8F92AC2D70C007496D9 /* WithdrawResponse.swift in Sources */,
				10D40D642AE8E1D900786D7D /* ProjectViewModel.swift in Sources */,
				10AB4AE12A97123000E1B514 /* CodePopupViewController.swift in Sources */,
				10F79D4C2AC06C3100E31063 /* SignupRequest.swift in Sources */,
				102089A52A9A2ED200A34EFC /* UploadViewController.swift in Sources */,
				102089952A99CA9800A34EFC /* ProfileEditViewController.swift in Sources */,
				10C31A7C2ABF46F000C69791 /* OnboardingProfileView.swift in Sources */,
				104D939F2AC1D20500EBEAF7 /* EditProfileRequest.swift in Sources */,
				10831AEA2A7A7F0A00FB460C /* InstrumentDTO.swift in Sources */,
				104D93A12AC1D21000EBEAF7 /* EditProfileResponse.swift in Sources */,
				102089AB2A9BB53200A34EFC /* RecordUtilButton.swift in Sources */,
				10831AEF2A7A81B100FB460C /* PostCell.swift in Sources */,
				104D93182AC09F6500EBEAF7 /* MyProfileResponse.swift in Sources */,
				10F79D452AC05B2300E31063 /* DuplicateResponse.swift in Sources */,
				10831AD82A7A77DC00FB460C /* BaseVIewController.swift in Sources */,
				10C31A822ABF471600C69791 /* WelcomeViewController.swift in Sources */,
				10AB4AC12A94B4B900E1B514 /* ProfileCell.swift in Sources */,
				10AB4ACE2A95BF2800E1B514 /* RecordViewController.swift in Sources */,
				10AB4AC32A94B4F300E1B514 /* ProjectCell.swift in Sources */,
				10AB4AEA2A9739C300E1B514 /* PreStackPopupViewController.swift in Sources */,
				109B90E42AA4C024009958F1 /* UINavigationController+.swift in Sources */,
				102089972A99CAF500A34EFC /* ProfileImageView.swift in Sources */,
				10C31A6E2ABF45EF00C69791 /* LoginViewController.swift in Sources */,
				10C31A802ABF470D00C69791 /* OnboardingAgreementView.swift in Sources */,
				10D40D5A2AE8214D00786D7D /* VideoPlayerView.swift in Sources */,
				102089E92A9C5BC800A34EFC /* UploadView.swift in Sources */,
				10B067722A9485C100BFA002 /* ProfileViewController.swift in Sources */,
				10C31A782ABF46B400C69791 /* OnboardingUserNameView.swift in Sources */,
				101E39512AE7B337001F4534 /* ProfileViewModel.swift in Sources */,
				10C9B6312A7BDCAF00026EE0 /* ReusableView.swift in Sources */,
				102089932A99AB8400A34EFC /* popupMenuButton.swift in Sources */,
				10D40D622AE8E1B300786D7D /* ProjectViewController.swift in Sources */,
				10C375032AB4773E00462A1B /* EditProfileImageView.swift in Sources */,
				1020898F2A988CB700A34EFC /* LikePopupHeaderView.swift in Sources */,
				1022BA842AB2ECE70028C2DF /* BottomSheetViewController.swift in Sources */,
				10C31A602ABD692E00C69791 /* VolumeView.swift in Sources */,
				107A75D82A7A69F300E9201B /* AppDelegate.swift in Sources */,
				10F79D3F2AC059E400E31063 /* UsersTarget.swift in Sources */,
				102089FD2A9C9D0600A34EFC /* ReportPopupViewController.swift in Sources */,
				101E39452AE6B738001F4534 /* HomeViewModel.swift in Sources */,
				102089E72A9C5AB500A34EFC /* ProfileEditView.swift in Sources */,
				10C9B62F2A7BDCAF00026EE0 /* UITableView+Reuseable.swift in Sources */,
				102089E12A9C57E800A34EFC /* BaseView.swift in Sources */,
				10AB4AC52A94C3B000E1B514 /* ProjectHeaderView.swift in Sources */,
				1022BA342AB097DC0028C2DF /* VolumeViewController.swift in Sources */,
				10C929B82A9F73F200BA83D9 /* UILabel+.swift in Sources */,
				102089EB2A9C5C6600A34EFC /* RecordView.swift in Sources */,
				10C31A762ABF469B00C69791 /* OnboardingUserNameViewController.swift in Sources */,
				102089F92A9C82B400A34EFC /* SettingViewController.swift in Sources */,
				10332C5D2AC754F500217BC2 /* AudioManager.swift in Sources */,
				10C31A842ABF4E7F00C69791 /* LoginButton.swift in Sources */,
				101E39472AE6B757001F4534 /* Image.swift in Sources */,
				10C31A742ABF466D00C69791 /* OnboardingAccountView.swift in Sources */,
				10D4B13B2AC3EB400096E995 /* MediaManager.swift in Sources */,
				10831AF12A7A924300FB460C /* UIStackView+.swift in Sources */,
				10831AED2A7A7F0A00FB460C /* PostDTO.swift in Sources */,
				102089E52A9C590500A34EFC /* ProfileView.swift in Sources */,
				10C31A702ABF460500C69791 /* LoginView.swift in Sources */,
				10F79D482AC05C7D00E31063 /* CustomObservable.swift in Sources */,
				1020898D2A987DCA00A34EFC /* LikePopupViewController.swift in Sources */,
				102089A32A99EFA900A34EFC /* ToolTipView.swift in Sources */,
				10C31A7A2ABF46E800C69791 /* OnboardingProfileViewController.swift in Sources */,
				102089FF2A9CABC100A34EFC /* AccountCell.swift in Sources */,
				10208A012A9CADC700A34EFC /* AccountViewController.swift in Sources */,
				10831AE82A7A7F0A00FB460C /* Stack.swift in Sources */,
				1022BA862AB2F14D0028C2DF /* SelfSizingTableView.swift in Sources */,
				10C76E862AA8822900D5AFA6 /* StackButton.swift in Sources */,
				10831AE92A7A7F0A00FB460C /* Like.swift in Sources */,
				107A75DA2A7A69F300E9201B /* SceneDelegate.swift in Sources */,
				102089F62A9C692E00A34EFC /* CheckRecordView.swift in Sources */,
				10F79D382AC0447400E31063 /* OAuthTarget.swift in Sources */,
				1049419C2A9CB77B006B52BC /* UIColor+.swift in Sources */,
				1049419E2A9CBB01006B52BC /* CustomBarButtonItem.swift in Sources */,
				102089912A989A2800A34EFC /* popupContentButton.swift in Sources */,
				10C9B6302A7BDCAF00026EE0 /* UICollection+ReusableView.swift in Sources */,
				10F79D332AC041CD00E31063 /* LoginRequest.swift in Sources */,
				10F79D432AC05B1900E31063 /* DuplicateRequest.swift in Sources */,
			);
			runOnlyForDeploymentPostprocessing = 0;
		};
/* End PBXSourcesBuildPhase section */

/* Begin PBXVariantGroup section */
		107A75E22A7A69F400E9201B /* LaunchScreen.storyboard */ = {
			isa = PBXVariantGroup;
			children = (
				107A75E32A7A69F400E9201B /* Base */,
			);
			name = LaunchScreen.storyboard;
			sourceTree = "<group>";
		};
/* End PBXVariantGroup section */

/* Begin XCBuildConfiguration section */
		107A75E62A7A69F400E9201B /* Debug */ = {
			isa = XCBuildConfiguration;
			buildSettings = {
				ALWAYS_SEARCH_USER_PATHS = NO;
				CLANG_ANALYZER_NONNULL = YES;
				CLANG_ANALYZER_NUMBER_OBJECT_CONVERSION = YES_AGGRESSIVE;
				CLANG_CXX_LANGUAGE_STANDARD = "gnu++20";
				CLANG_ENABLE_MODULES = YES;
				CLANG_ENABLE_OBJC_ARC = YES;
				CLANG_ENABLE_OBJC_WEAK = YES;
				CLANG_WARN_BLOCK_CAPTURE_AUTORELEASING = YES;
				CLANG_WARN_BOOL_CONVERSION = YES;
				CLANG_WARN_COMMA = YES;
				CLANG_WARN_CONSTANT_CONVERSION = YES;
				CLANG_WARN_DEPRECATED_OBJC_IMPLEMENTATIONS = YES;
				CLANG_WARN_DIRECT_OBJC_ISA_USAGE = YES_ERROR;
				CLANG_WARN_DOCUMENTATION_COMMENTS = YES;
				CLANG_WARN_EMPTY_BODY = YES;
				CLANG_WARN_ENUM_CONVERSION = YES;
				CLANG_WARN_INFINITE_RECURSION = YES;
				CLANG_WARN_INT_CONVERSION = YES;
				CLANG_WARN_NON_LITERAL_NULL_CONVERSION = YES;
				CLANG_WARN_OBJC_IMPLICIT_RETAIN_SELF = YES;
				CLANG_WARN_OBJC_LITERAL_CONVERSION = YES;
				CLANG_WARN_OBJC_ROOT_CLASS = YES_ERROR;
				CLANG_WARN_QUOTED_INCLUDE_IN_FRAMEWORK_HEADER = YES;
				CLANG_WARN_RANGE_LOOP_ANALYSIS = YES;
				CLANG_WARN_STRICT_PROTOTYPES = YES;
				CLANG_WARN_SUSPICIOUS_MOVE = YES;
				CLANG_WARN_UNGUARDED_AVAILABILITY = YES_AGGRESSIVE;
				CLANG_WARN_UNREACHABLE_CODE = YES;
				CLANG_WARN__DUPLICATE_METHOD_MATCH = YES;
				COPY_PHASE_STRIP = NO;
				DEBUG_INFORMATION_FORMAT = dwarf;
				ENABLE_STRICT_OBJC_MSGSEND = YES;
				ENABLE_TESTABILITY = YES;
				GCC_C_LANGUAGE_STANDARD = gnu11;
				GCC_DYNAMIC_NO_PIC = NO;
				GCC_NO_COMMON_BLOCKS = YES;
				GCC_OPTIMIZATION_LEVEL = 0;
				GCC_PREPROCESSOR_DEFINITIONS = (
					"DEBUG=1",
					"$(inherited)",
				);
				GCC_WARN_64_TO_32_BIT_CONVERSION = YES;
				GCC_WARN_ABOUT_RETURN_TYPE = YES_ERROR;
				GCC_WARN_UNDECLARED_SELECTOR = YES;
				GCC_WARN_UNINITIALIZED_AUTOS = YES_AGGRESSIVE;
				GCC_WARN_UNUSED_FUNCTION = YES;
				GCC_WARN_UNUSED_VARIABLE = YES;
				IPHONEOS_DEPLOYMENT_TARGET = 16.4;
				MTL_ENABLE_DEBUG_INFO = INCLUDE_SOURCE;
				MTL_FAST_MATH = YES;
				ONLY_ACTIVE_ARCH = YES;
				SDKROOT = iphoneos;
				SWIFT_ACTIVE_COMPILATION_CONDITIONS = DEBUG;
				SWIFT_OPTIMIZATION_LEVEL = "-Onone";
			};
			name = Debug;
		};
		107A75E72A7A69F400E9201B /* Release */ = {
			isa = XCBuildConfiguration;
			buildSettings = {
				ALWAYS_SEARCH_USER_PATHS = NO;
				CLANG_ANALYZER_NONNULL = YES;
				CLANG_ANALYZER_NUMBER_OBJECT_CONVERSION = YES_AGGRESSIVE;
				CLANG_CXX_LANGUAGE_STANDARD = "gnu++20";
				CLANG_ENABLE_MODULES = YES;
				CLANG_ENABLE_OBJC_ARC = YES;
				CLANG_ENABLE_OBJC_WEAK = YES;
				CLANG_WARN_BLOCK_CAPTURE_AUTORELEASING = YES;
				CLANG_WARN_BOOL_CONVERSION = YES;
				CLANG_WARN_COMMA = YES;
				CLANG_WARN_CONSTANT_CONVERSION = YES;
				CLANG_WARN_DEPRECATED_OBJC_IMPLEMENTATIONS = YES;
				CLANG_WARN_DIRECT_OBJC_ISA_USAGE = YES_ERROR;
				CLANG_WARN_DOCUMENTATION_COMMENTS = YES;
				CLANG_WARN_EMPTY_BODY = YES;
				CLANG_WARN_ENUM_CONVERSION = YES;
				CLANG_WARN_INFINITE_RECURSION = YES;
				CLANG_WARN_INT_CONVERSION = YES;
				CLANG_WARN_NON_LITERAL_NULL_CONVERSION = YES;
				CLANG_WARN_OBJC_IMPLICIT_RETAIN_SELF = YES;
				CLANG_WARN_OBJC_LITERAL_CONVERSION = YES;
				CLANG_WARN_OBJC_ROOT_CLASS = YES_ERROR;
				CLANG_WARN_QUOTED_INCLUDE_IN_FRAMEWORK_HEADER = YES;
				CLANG_WARN_RANGE_LOOP_ANALYSIS = YES;
				CLANG_WARN_STRICT_PROTOTYPES = YES;
				CLANG_WARN_SUSPICIOUS_MOVE = YES;
				CLANG_WARN_UNGUARDED_AVAILABILITY = YES_AGGRESSIVE;
				CLANG_WARN_UNREACHABLE_CODE = YES;
				CLANG_WARN__DUPLICATE_METHOD_MATCH = YES;
				COPY_PHASE_STRIP = NO;
				DEBUG_INFORMATION_FORMAT = "dwarf-with-dsym";
				ENABLE_NS_ASSERTIONS = NO;
				ENABLE_STRICT_OBJC_MSGSEND = YES;
				GCC_C_LANGUAGE_STANDARD = gnu11;
				GCC_NO_COMMON_BLOCKS = YES;
				GCC_WARN_64_TO_32_BIT_CONVERSION = YES;
				GCC_WARN_ABOUT_RETURN_TYPE = YES_ERROR;
				GCC_WARN_UNDECLARED_SELECTOR = YES;
				GCC_WARN_UNINITIALIZED_AUTOS = YES_AGGRESSIVE;
				GCC_WARN_UNUSED_FUNCTION = YES;
				GCC_WARN_UNUSED_VARIABLE = YES;
				IPHONEOS_DEPLOYMENT_TARGET = 16.4;
				MTL_ENABLE_DEBUG_INFO = NO;
				MTL_FAST_MATH = YES;
				SDKROOT = iphoneos;
				SWIFT_COMPILATION_MODE = wholemodule;
				SWIFT_OPTIMIZATION_LEVEL = "-O";
				VALIDATE_PRODUCT = YES;
			};
			name = Release;
		};
		107A75E92A7A69F400E9201B /* Debug */ = {
			isa = XCBuildConfiguration;
			buildSettings = {
				ASSETCATALOG_COMPILER_APPICON_NAME = AppIcon;
				ASSETCATALOG_COMPILER_GLOBAL_ACCENT_COLOR_NAME = AccentColor;
				CODE_SIGN_ENTITLEMENTS = ARTISTACK/ARTISTACK.entitlements;
				CODE_SIGN_STYLE = Automatic;
				CURRENT_PROJECT_VERSION = 1;
				DEVELOPMENT_TEAM = 6UJYJPDXP4;
				GENERATE_INFOPLIST_FILE = YES;
				INFOPLIST_FILE = ARTISTACK/Info.plist;
				INFOPLIST_KEY_UIApplicationSupportsIndirectInputEvents = YES;
				INFOPLIST_KEY_UILaunchStoryboardName = LaunchScreen;
				INFOPLIST_KEY_UISupportedInterfaceOrientations = UIInterfaceOrientationPortrait;
				INFOPLIST_KEY_UIUserInterfaceStyle = Light;
				IPHONEOS_DEPLOYMENT_TARGET = 16.0;
				LD_RUNPATH_SEARCH_PATHS = (
					"$(inherited)",
					"@executable_path/Frameworks",
				);
				MARKETING_VERSION = 1.0;
				PRODUCT_BUNDLE_IDENTIFIER = com.artistack;
				PRODUCT_NAME = "$(TARGET_NAME)";
				SWIFT_EMIT_LOC_STRINGS = YES;
				SWIFT_VERSION = 5.0;
				TARGETED_DEVICE_FAMILY = "1,2";
			};
			name = Debug;
		};
		107A75EA2A7A69F400E9201B /* Release */ = {
			isa = XCBuildConfiguration;
			buildSettings = {
				ASSETCATALOG_COMPILER_APPICON_NAME = AppIcon;
				ASSETCATALOG_COMPILER_GLOBAL_ACCENT_COLOR_NAME = AccentColor;
				CODE_SIGN_ENTITLEMENTS = ARTISTACK/ARTISTACK.entitlements;
				CODE_SIGN_STYLE = Automatic;
				CURRENT_PROJECT_VERSION = 1;
				DEVELOPMENT_TEAM = 6UJYJPDXP4;
				GENERATE_INFOPLIST_FILE = YES;
				INFOPLIST_FILE = ARTISTACK/Info.plist;
				INFOPLIST_KEY_UIApplicationSupportsIndirectInputEvents = YES;
				INFOPLIST_KEY_UILaunchStoryboardName = LaunchScreen;
				INFOPLIST_KEY_UISupportedInterfaceOrientations = UIInterfaceOrientationPortrait;
				INFOPLIST_KEY_UIUserInterfaceStyle = Light;
				IPHONEOS_DEPLOYMENT_TARGET = 16.0;
				LD_RUNPATH_SEARCH_PATHS = (
					"$(inherited)",
					"@executable_path/Frameworks",
				);
				MARKETING_VERSION = 1.0;
				PRODUCT_BUNDLE_IDENTIFIER = com.artistack;
				PRODUCT_NAME = "$(TARGET_NAME)";
				SWIFT_EMIT_LOC_STRINGS = YES;
				SWIFT_VERSION = 5.0;
				TARGETED_DEVICE_FAMILY = "1,2";
			};
			name = Release;
		};
/* End XCBuildConfiguration section */

/* Begin XCConfigurationList section */
		107A75CF2A7A69F300E9201B /* Build configuration list for PBXProject "ARTISTACK" */ = {
			isa = XCConfigurationList;
			buildConfigurations = (
				107A75E62A7A69F400E9201B /* Debug */,
				107A75E72A7A69F400E9201B /* Release */,
			);
			defaultConfigurationIsVisible = 0;
			defaultConfigurationName = Release;
		};
		107A75E82A7A69F400E9201B /* Build configuration list for PBXNativeTarget "ARTISTACK" */ = {
			isa = XCConfigurationList;
			buildConfigurations = (
				107A75E92A7A69F400E9201B /* Debug */,
				107A75EA2A7A69F400E9201B /* Release */,
			);
			defaultConfigurationIsVisible = 0;
			defaultConfigurationName = Release;
		};
/* End XCConfigurationList section */

/* Begin XCRemoteSwiftPackageReference section */
		1022BA352AB09B150028C2DF /* XCRemoteSwiftPackageReference "FloatingPanel" */ = {
			isa = XCRemoteSwiftPackageReference;
			repositoryURL = "https://github.com/scenee/FloatingPanel";
			requirement = {
				kind = upToNextMajorVersion;
				minimumVersion = 2.0.0;
			};
		};
		10831ACE2A7A76C100FB460C /* XCRemoteSwiftPackageReference "SnapKit" */ = {
			isa = XCRemoteSwiftPackageReference;
			repositoryURL = "https://github.com/SnapKit/SnapKit.git";
			requirement = {
				kind = upToNextMajorVersion;
				minimumVersion = 5.0.0;
			};
		};
		10831AD12A7A76CE00FB460C /* XCRemoteSwiftPackageReference "Then" */ = {
			isa = XCRemoteSwiftPackageReference;
			repositoryURL = "https://github.com/devxoul/Then";
			requirement = {
				kind = upToNextMajorVersion;
				minimumVersion = 3.0.0;
			};
		};
		108916042AEEB207001075A3 /* XCRemoteSwiftPackageReference "RxSwift" */ = {
			isa = XCRemoteSwiftPackageReference;
			repositoryURL = "https://github.com/ReactiveX/RxSwift";
			requirement = {
				kind = upToNextMajorVersion;
				minimumVersion = 6.0.0;
			};
		};
		108916092AEEB76D001075A3 /* XCRemoteSwiftPackageReference "Alamofire" */ = {
			isa = XCRemoteSwiftPackageReference;
			repositoryURL = "https://github.com/Alamofire/Alamofire";
			requirement = {
				kind = upToNextMajorVersion;
				minimumVersion = 5.0.0;
			};
		};
		10F79D212AC0336900E31063 /* XCRemoteSwiftPackageReference "Kingfisher" */ = {
			isa = XCRemoteSwiftPackageReference;
			repositoryURL = "https://github.com/onevcat/Kingfisher.git";
			requirement = {
				kind = upToNextMajorVersion;
				minimumVersion = 7.0.0;
			};
		};
/* End XCRemoteSwiftPackageReference section */

/* Begin XCSwiftPackageProductDependency section */
		1022BA362AB09B150028C2DF /* FloatingPanel */ = {
			isa = XCSwiftPackageProductDependency;
			package = 1022BA352AB09B150028C2DF /* XCRemoteSwiftPackageReference "FloatingPanel" */;
			productName = FloatingPanel;
		};
		10831ACF2A7A76C100FB460C /* SnapKit */ = {
			isa = XCSwiftPackageProductDependency;
			package = 10831ACE2A7A76C100FB460C /* XCRemoteSwiftPackageReference "SnapKit" */;
			productName = SnapKit;
		};
		10831AD22A7A76CE00FB460C /* Then */ = {
			isa = XCSwiftPackageProductDependency;
			package = 10831AD12A7A76CE00FB460C /* XCRemoteSwiftPackageReference "Then" */;
			productName = Then;
		};
		108916052AEEB207001075A3 /* RxCocoa */ = {
			isa = XCSwiftPackageProductDependency;
			package = 108916042AEEB207001075A3 /* XCRemoteSwiftPackageReference "RxSwift" */;
			productName = RxCocoa;
		};
		108916072AEEB207001075A3 /* RxSwift */ = {
			isa = XCSwiftPackageProductDependency;
			package = 108916042AEEB207001075A3 /* XCRemoteSwiftPackageReference "RxSwift" */;
			productName = RxSwift;
		};
		1089160A2AEEB76D001075A3 /* Alamofire */ = {
			isa = XCSwiftPackageProductDependency;
			package = 108916092AEEB76D001075A3 /* XCRemoteSwiftPackageReference "Alamofire" */;
			productName = Alamofire;
		};
		10F79D222AC0336900E31063 /* Kingfisher */ = {
			isa = XCSwiftPackageProductDependency;
			package = 10F79D212AC0336900E31063 /* XCRemoteSwiftPackageReference "Kingfisher" */;
			productName = Kingfisher;
		};
/* End XCSwiftPackageProductDependency section */
	};
	rootObject = 107A75CC2A7A69F300E9201B /* Project object */;
}
