// !$*UTF8*$!
{
	archiveVersion = 1;
	classes = {
	};
	objectVersion = 56;
	objects = {

/* Begin PBXBuildFile section */
		1020898D2A987DCA00A34EFC /* LikePopupViewController.swift in Sources */ = {isa = PBXBuildFile; fileRef = 1020898C2A987DCA00A34EFC /* LikePopupViewController.swift */; };
		1020898F2A988CB700A34EFC /* LikePopupHeaderView.swift in Sources */ = {isa = PBXBuildFile; fileRef = 1020898E2A988CB700A34EFC /* LikePopupHeaderView.swift */; };
		102089912A989A2800A34EFC /* popupContentButton.swift in Sources */ = {isa = PBXBuildFile; fileRef = 102089902A989A2800A34EFC /* popupContentButton.swift */; };
		102089932A99AB8400A34EFC /* popupMenuButton.swift in Sources */ = {isa = PBXBuildFile; fileRef = 102089922A99AB8400A34EFC /* popupMenuButton.swift */; };
		102089952A99CA9800A34EFC /* ProfileEditViewController.swift in Sources */ = {isa = PBXBuildFile; fileRef = 102089942A99CA9800A34EFC /* ProfileEditViewController.swift */; };
		102089972A99CAF500A34EFC /* ProfileImageView.swift in Sources */ = {isa = PBXBuildFile; fileRef = 102089962A99CAF500A34EFC /* ProfileImageView.swift */; };
		102089992A99D87C00A34EFC /* UIViewController+.swift in Sources */ = {isa = PBXBuildFile; fileRef = 102089982A99D87C00A34EFC /* UIViewController+.swift */; };
		1020899B2A99DFE600A34EFC /* CompleteButton.swift in Sources */ = {isa = PBXBuildFile; fileRef = 1020899A2A99DFE600A34EFC /* CompleteButton.swift */; };
		1020899D2A99ED6F00A34EFC /* TipView.swift in Sources */ = {isa = PBXBuildFile; fileRef = 1020899C2A99ED6F00A34EFC /* TipView.swift */; };
		102089A32A99EFA900A34EFC /* ToolTipView.swift in Sources */ = {isa = PBXBuildFile; fileRef = 102089A22A99EFA900A34EFC /* ToolTipView.swift */; };
		102089A52A9A2ED200A34EFC /* UploadViewController.swift in Sources */ = {isa = PBXBuildFile; fileRef = 102089A42A9A2ED200A34EFC /* UploadViewController.swift */; };
		102089A72A9A2F2D00A34EFC /* InstButton.swift in Sources */ = {isa = PBXBuildFile; fileRef = 102089A62A9A2F2D00A34EFC /* InstButton.swift */; };
		102089A92A9A719300A34EFC /* InfoTextFieldView.swift in Sources */ = {isa = PBXBuildFile; fileRef = 102089A82A9A719300A34EFC /* InfoTextFieldView.swift */; };
		102089AB2A9BB53200A34EFC /* RecordUtilButton.swift in Sources */ = {isa = PBXBuildFile; fileRef = 102089AA2A9BB53200A34EFC /* RecordUtilButton.swift */; };
		107A75D82A7A69F300E9201B /* AppDelegate.swift in Sources */ = {isa = PBXBuildFile; fileRef = 107A75D72A7A69F300E9201B /* AppDelegate.swift */; };
		107A75DA2A7A69F300E9201B /* SceneDelegate.swift in Sources */ = {isa = PBXBuildFile; fileRef = 107A75D92A7A69F300E9201B /* SceneDelegate.swift */; };
		107A75DC2A7A69F300E9201B /* HomeViewController.swift in Sources */ = {isa = PBXBuildFile; fileRef = 107A75DB2A7A69F300E9201B /* HomeViewController.swift */; };
		107A75E12A7A69F400E9201B /* Assets.xcassets in Resources */ = {isa = PBXBuildFile; fileRef = 107A75E02A7A69F400E9201B /* Assets.xcassets */; };
		107A75E42A7A69F400E9201B /* LaunchScreen.storyboard in Resources */ = {isa = PBXBuildFile; fileRef = 107A75E22A7A69F400E9201B /* LaunchScreen.storyboard */; };
		107A75F32A7A6EF400E9201B /* UIVIew+.swift in Sources */ = {isa = PBXBuildFile; fileRef = 107A75F22A7A6EF400E9201B /* UIVIew+.swift */; };
		10831AD02A7A76C100FB460C /* SnapKit in Frameworks */ = {isa = PBXBuildFile; productRef = 10831ACF2A7A76C100FB460C /* SnapKit */; };
		10831AD32A7A76CE00FB460C /* Then in Frameworks */ = {isa = PBXBuildFile; productRef = 10831AD22A7A76CE00FB460C /* Then */; };
		10831AD52A7A772000FB460C /* UserCell.swift in Sources */ = {isa = PBXBuildFile; fileRef = 10831AD42A7A772000FB460C /* UserCell.swift */; };
		10831AD82A7A77DC00FB460C /* BaseVIewController.swift in Sources */ = {isa = PBXBuildFile; fileRef = 10831AD72A7A77DC00FB460C /* BaseVIewController.swift */; };
		10831AE72A7A7F0A00FB460C /* LikedListDTO.swift in Sources */ = {isa = PBXBuildFile; fileRef = 10831AE02A7A7F0A00FB460C /* LikedListDTO.swift */; };
		10831AE82A7A7F0A00FB460C /* Stack.swift in Sources */ = {isa = PBXBuildFile; fileRef = 10831AE12A7A7F0A00FB460C /* Stack.swift */; };
		10831AE92A7A7F0A00FB460C /* Like.swift in Sources */ = {isa = PBXBuildFile; fileRef = 10831AE22A7A7F0A00FB460C /* Like.swift */; };
		10831AEA2A7A7F0A00FB460C /* InstrumentDTO.swift in Sources */ = {isa = PBXBuildFile; fileRef = 10831AE32A7A7F0A00FB460C /* InstrumentDTO.swift */; };
		10831AEB2A7A7F0A00FB460C /* UserDTO.swift in Sources */ = {isa = PBXBuildFile; fileRef = 10831AE42A7A7F0A00FB460C /* UserDTO.swift */; };
		10831AEC2A7A7F0A00FB460C /* Project.swift in Sources */ = {isa = PBXBuildFile; fileRef = 10831AE52A7A7F0A00FB460C /* Project.swift */; };
		10831AED2A7A7F0A00FB460C /* PostDTO.swift in Sources */ = {isa = PBXBuildFile; fileRef = 10831AE62A7A7F0A00FB460C /* PostDTO.swift */; };
		10831AEF2A7A81B100FB460C /* PostCell.swift in Sources */ = {isa = PBXBuildFile; fileRef = 10831AEE2A7A81B100FB460C /* PostCell.swift */; };
		10831AF12A7A924300FB460C /* UIStackView+.swift in Sources */ = {isa = PBXBuildFile; fileRef = 10831AF02A7A924300FB460C /* UIStackView+.swift */; };
		10AB4AC12A94B4B900E1B514 /* ProfileCell.swift in Sources */ = {isa = PBXBuildFile; fileRef = 10AB4AC02A94B4B900E1B514 /* ProfileCell.swift */; };
		10AB4AC32A94B4F300E1B514 /* ProjectCell.swift in Sources */ = {isa = PBXBuildFile; fileRef = 10AB4AC22A94B4F300E1B514 /* ProjectCell.swift */; };
		10AB4AC52A94C3B000E1B514 /* ProjectHeaderView.swift in Sources */ = {isa = PBXBuildFile; fileRef = 10AB4AC42A94C3B000E1B514 /* ProjectHeaderView.swift */; };
		10AB4AC82A94CCF700E1B514 /* Tab.swift in Sources */ = {isa = PBXBuildFile; fileRef = 10AB4AC72A94CCF700E1B514 /* Tab.swift */; };
		10AB4ACA2A94CD6B00E1B514 /* MainTabBarController.swift in Sources */ = {isa = PBXBuildFile; fileRef = 10AB4AC92A94CD6B00E1B514 /* MainTabBarController.swift */; };
		10AB4ACE2A95BF2800E1B514 /* RecordViewController.swift in Sources */ = {isa = PBXBuildFile; fileRef = 10AB4ACD2A95BF2800E1B514 /* RecordViewController.swift */; };
		10AB4ADA2A96DC1E00E1B514 /* SeparatorView.swift in Sources */ = {isa = PBXBuildFile; fileRef = 10AB4AD92A96DC1D00E1B514 /* SeparatorView.swift */; };
		10AB4AE12A97123000E1B514 /* CodePopupViewController.swift in Sources */ = {isa = PBXBuildFile; fileRef = 10AB4AE02A97123000E1B514 /* CodePopupViewController.swift */; };
		10AB4AEA2A9739C300E1B514 /* PreStackPopupViewController.swift in Sources */ = {isa = PBXBuildFile; fileRef = 10AB4AE92A9739C300E1B514 /* PreStackPopupViewController.swift */; };
		10B067722A9485C100BFA002 /* ProfileViewController.swift in Sources */ = {isa = PBXBuildFile; fileRef = 10B067712A9485C100BFA002 /* ProfileViewController.swift */; };
		10C9B62F2A7BDCAF00026EE0 /* UITableView+Reuseable.swift in Sources */ = {isa = PBXBuildFile; fileRef = 10C9B62C2A7BDCAE00026EE0 /* UITableView+Reuseable.swift */; };
		10C9B6302A7BDCAF00026EE0 /* UICollection+ReusableView.swift in Sources */ = {isa = PBXBuildFile; fileRef = 10C9B62D2A7BDCAE00026EE0 /* UICollection+ReusableView.swift */; };
		10C9B6312A7BDCAF00026EE0 /* ReusableView.swift in Sources */ = {isa = PBXBuildFile; fileRef = 10C9B62E2A7BDCAF00026EE0 /* ReusableView.swift */; };
/* End PBXBuildFile section */

/* Begin PBXFileReference section */
		1020898C2A987DCA00A34EFC /* LikePopupViewController.swift */ = {isa = PBXFileReference; lastKnownFileType = sourcecode.swift; path = LikePopupViewController.swift; sourceTree = "<group>"; };
		1020898E2A988CB700A34EFC /* LikePopupHeaderView.swift */ = {isa = PBXFileReference; lastKnownFileType = sourcecode.swift; path = LikePopupHeaderView.swift; sourceTree = "<group>"; };
		102089902A989A2800A34EFC /* popupContentButton.swift */ = {isa = PBXFileReference; lastKnownFileType = sourcecode.swift; path = popupContentButton.swift; sourceTree = "<group>"; };
		102089922A99AB8400A34EFC /* popupMenuButton.swift */ = {isa = PBXFileReference; lastKnownFileType = sourcecode.swift; path = popupMenuButton.swift; sourceTree = "<group>"; };
		102089942A99CA9800A34EFC /* ProfileEditViewController.swift */ = {isa = PBXFileReference; lastKnownFileType = sourcecode.swift; path = ProfileEditViewController.swift; sourceTree = "<group>"; };
		102089962A99CAF500A34EFC /* ProfileImageView.swift */ = {isa = PBXFileReference; lastKnownFileType = sourcecode.swift; path = ProfileImageView.swift; sourceTree = "<group>"; };
		102089982A99D87C00A34EFC /* UIViewController+.swift */ = {isa = PBXFileReference; lastKnownFileType = sourcecode.swift; path = "UIViewController+.swift"; sourceTree = "<group>"; };
		1020899A2A99DFE600A34EFC /* CompleteButton.swift */ = {isa = PBXFileReference; lastKnownFileType = sourcecode.swift; path = CompleteButton.swift; sourceTree = "<group>"; };
		1020899C2A99ED6F00A34EFC /* TipView.swift */ = {isa = PBXFileReference; lastKnownFileType = sourcecode.swift; path = TipView.swift; sourceTree = "<group>"; };
		102089A22A99EFA900A34EFC /* ToolTipView.swift */ = {isa = PBXFileReference; lastKnownFileType = sourcecode.swift; path = ToolTipView.swift; sourceTree = "<group>"; };
		102089A42A9A2ED200A34EFC /* UploadViewController.swift */ = {isa = PBXFileReference; lastKnownFileType = sourcecode.swift; path = UploadViewController.swift; sourceTree = "<group>"; };
		102089A62A9A2F2D00A34EFC /* InstButton.swift */ = {isa = PBXFileReference; lastKnownFileType = sourcecode.swift; path = InstButton.swift; sourceTree = "<group>"; };
		102089A82A9A719300A34EFC /* InfoTextFieldView.swift */ = {isa = PBXFileReference; lastKnownFileType = sourcecode.swift; path = InfoTextFieldView.swift; sourceTree = "<group>"; };
		102089AA2A9BB53200A34EFC /* RecordUtilButton.swift */ = {isa = PBXFileReference; lastKnownFileType = sourcecode.swift; path = RecordUtilButton.swift; sourceTree = "<group>"; };
		107A75D42A7A69F300E9201B /* ARTISTACK.app */ = {isa = PBXFileReference; explicitFileType = wrapper.application; includeInIndex = 0; path = ARTISTACK.app; sourceTree = BUILT_PRODUCTS_DIR; };
		107A75D72A7A69F300E9201B /* AppDelegate.swift */ = {isa = PBXFileReference; lastKnownFileType = sourcecode.swift; path = AppDelegate.swift; sourceTree = "<group>"; };
		107A75D92A7A69F300E9201B /* SceneDelegate.swift */ = {isa = PBXFileReference; lastKnownFileType = sourcecode.swift; path = SceneDelegate.swift; sourceTree = "<group>"; };
		107A75DB2A7A69F300E9201B /* HomeViewController.swift */ = {isa = PBXFileReference; lastKnownFileType = sourcecode.swift; path = HomeViewController.swift; sourceTree = "<group>"; };
		107A75E02A7A69F400E9201B /* Assets.xcassets */ = {isa = PBXFileReference; lastKnownFileType = folder.assetcatalog; path = Assets.xcassets; sourceTree = "<group>"; };
		107A75E32A7A69F400E9201B /* Base */ = {isa = PBXFileReference; lastKnownFileType = file.storyboard; name = Base; path = Base.lproj/LaunchScreen.storyboard; sourceTree = "<group>"; };
		107A75E52A7A69F400E9201B /* Info.plist */ = {isa = PBXFileReference; lastKnownFileType = text.plist.xml; path = Info.plist; sourceTree = "<group>"; };
		107A75F22A7A6EF400E9201B /* UIVIew+.swift */ = {isa = PBXFileReference; lastKnownFileType = sourcecode.swift; path = "UIVIew+.swift"; sourceTree = "<group>"; };
		10831AD42A7A772000FB460C /* UserCell.swift */ = {isa = PBXFileReference; lastKnownFileType = sourcecode.swift; path = UserCell.swift; sourceTree = "<group>"; };
		10831AD72A7A77DC00FB460C /* BaseVIewController.swift */ = {isa = PBXFileReference; lastKnownFileType = sourcecode.swift; path = BaseVIewController.swift; sourceTree = "<group>"; };
		10831AE02A7A7F0A00FB460C /* LikedListDTO.swift */ = {isa = PBXFileReference; fileEncoding = 4; lastKnownFileType = sourcecode.swift; path = LikedListDTO.swift; sourceTree = "<group>"; };
		10831AE12A7A7F0A00FB460C /* Stack.swift */ = {isa = PBXFileReference; fileEncoding = 4; lastKnownFileType = sourcecode.swift; path = Stack.swift; sourceTree = "<group>"; };
		10831AE22A7A7F0A00FB460C /* Like.swift */ = {isa = PBXFileReference; fileEncoding = 4; lastKnownFileType = sourcecode.swift; path = Like.swift; sourceTree = "<group>"; };
		10831AE32A7A7F0A00FB460C /* InstrumentDTO.swift */ = {isa = PBXFileReference; fileEncoding = 4; lastKnownFileType = sourcecode.swift; path = InstrumentDTO.swift; sourceTree = "<group>"; };
		10831AE42A7A7F0A00FB460C /* UserDTO.swift */ = {isa = PBXFileReference; fileEncoding = 4; lastKnownFileType = sourcecode.swift; path = UserDTO.swift; sourceTree = "<group>"; };
		10831AE52A7A7F0A00FB460C /* Project.swift */ = {isa = PBXFileReference; fileEncoding = 4; lastKnownFileType = sourcecode.swift; path = Project.swift; sourceTree = "<group>"; };
		10831AE62A7A7F0A00FB460C /* PostDTO.swift */ = {isa = PBXFileReference; fileEncoding = 4; lastKnownFileType = sourcecode.swift; path = PostDTO.swift; sourceTree = "<group>"; };
		10831AEE2A7A81B100FB460C /* PostCell.swift */ = {isa = PBXFileReference; lastKnownFileType = sourcecode.swift; path = PostCell.swift; sourceTree = "<group>"; };
		10831AF02A7A924300FB460C /* UIStackView+.swift */ = {isa = PBXFileReference; lastKnownFileType = sourcecode.swift; path = "UIStackView+.swift"; sourceTree = "<group>"; };
		10AB4AC02A94B4B900E1B514 /* ProfileCell.swift */ = {isa = PBXFileReference; lastKnownFileType = sourcecode.swift; path = ProfileCell.swift; sourceTree = "<group>"; };
		10AB4AC22A94B4F300E1B514 /* ProjectCell.swift */ = {isa = PBXFileReference; lastKnownFileType = sourcecode.swift; path = ProjectCell.swift; sourceTree = "<group>"; };
		10AB4AC42A94C3B000E1B514 /* ProjectHeaderView.swift */ = {isa = PBXFileReference; lastKnownFileType = sourcecode.swift; path = ProjectHeaderView.swift; sourceTree = "<group>"; };
		10AB4AC72A94CCF700E1B514 /* Tab.swift */ = {isa = PBXFileReference; lastKnownFileType = sourcecode.swift; path = Tab.swift; sourceTree = "<group>"; };
		10AB4AC92A94CD6B00E1B514 /* MainTabBarController.swift */ = {isa = PBXFileReference; lastKnownFileType = sourcecode.swift; path = MainTabBarController.swift; sourceTree = "<group>"; };
		10AB4ACD2A95BF2800E1B514 /* RecordViewController.swift */ = {isa = PBXFileReference; lastKnownFileType = sourcecode.swift; path = RecordViewController.swift; sourceTree = "<group>"; };
		10AB4AD92A96DC1D00E1B514 /* SeparatorView.swift */ = {isa = PBXFileReference; lastKnownFileType = sourcecode.swift; path = SeparatorView.swift; sourceTree = "<group>"; };
		10AB4AE02A97123000E1B514 /* CodePopupViewController.swift */ = {isa = PBXFileReference; lastKnownFileType = sourcecode.swift; path = CodePopupViewController.swift; sourceTree = "<group>"; };
		10AB4AE92A9739C300E1B514 /* PreStackPopupViewController.swift */ = {isa = PBXFileReference; lastKnownFileType = sourcecode.swift; path = PreStackPopupViewController.swift; sourceTree = "<group>"; };
		10B067712A9485C100BFA002 /* ProfileViewController.swift */ = {isa = PBXFileReference; lastKnownFileType = sourcecode.swift; path = ProfileViewController.swift; sourceTree = "<group>"; };
		10C9B62C2A7BDCAE00026EE0 /* UITableView+Reuseable.swift */ = {isa = PBXFileReference; fileEncoding = 4; lastKnownFileType = sourcecode.swift; path = "UITableView+Reuseable.swift"; sourceTree = "<group>"; };
		10C9B62D2A7BDCAE00026EE0 /* UICollection+ReusableView.swift */ = {isa = PBXFileReference; fileEncoding = 4; lastKnownFileType = sourcecode.swift; path = "UICollection+ReusableView.swift"; sourceTree = "<group>"; };
		10C9B62E2A7BDCAF00026EE0 /* ReusableView.swift */ = {isa = PBXFileReference; fileEncoding = 4; lastKnownFileType = sourcecode.swift; path = ReusableView.swift; sourceTree = "<group>"; };
/* End PBXFileReference section */

/* Begin PBXFrameworksBuildPhase section */
		107A75D12A7A69F300E9201B /* Frameworks */ = {
			isa = PBXFrameworksBuildPhase;
			buildActionMask = 2147483647;
			files = (
				10831AD02A7A76C100FB460C /* SnapKit in Frameworks */,
				10831AD32A7A76CE00FB460C /* Then in Frameworks */,
			);
			runOnlyForDeploymentPostprocessing = 0;
		};
/* End PBXFrameworksBuildPhase section */

/* Begin PBXGroup section */
		1020899E2A99EE4200A34EFC /* Cell */ = {
			isa = PBXGroup;
			children = (
				10831AD42A7A772000FB460C /* UserCell.swift */,
				10831AEE2A7A81B100FB460C /* PostCell.swift */,
				10AB4AC02A94B4B900E1B514 /* ProfileCell.swift */,
				10AB4AC22A94B4F300E1B514 /* ProjectCell.swift */,
			);
			path = Cell;
			sourceTree = "<group>";
		};
		102089A02A99EE5800A34EFC /* Header */ = {
			isa = PBXGroup;
			children = (
				1020898E2A988CB700A34EFC /* LikePopupHeaderView.swift */,
				10AB4AC42A94C3B000E1B514 /* ProjectHeaderView.swift */,
			);
			path = Header;
			sourceTree = "<group>";
		};
		102089A12A99EE6B00A34EFC /* Custom */ = {
			isa = PBXGroup;
			children = (
				1020899C2A99ED6F00A34EFC /* TipView.swift */,
				102089A22A99EFA900A34EFC /* ToolTipView.swift */,
				1020899A2A99DFE600A34EFC /* CompleteButton.swift */,
				102089922A99AB8400A34EFC /* popupMenuButton.swift */,
				102089962A99CAF500A34EFC /* ProfileImageView.swift */,
				10AB4AD92A96DC1D00E1B514 /* SeparatorView.swift */,
				102089902A989A2800A34EFC /* popupContentButton.swift */,
				102089A62A9A2F2D00A34EFC /* InstButton.swift */,
				102089A82A9A719300A34EFC /* InfoTextFieldView.swift */,
				102089AA2A9BB53200A34EFC /* RecordUtilButton.swift */,
			);
			path = Custom;
			sourceTree = "<group>";
		};
		107A75CB2A7A69F300E9201B = {
			isa = PBXGroup;
			children = (
				107A75D62A7A69F300E9201B /* ARTISTACK */,
				107A75D52A7A69F300E9201B /* Products */,
			);
			sourceTree = "<group>";
		};
		107A75D52A7A69F300E9201B /* Products */ = {
			isa = PBXGroup;
			children = (
				107A75D42A7A69F300E9201B /* ARTISTACK.app */,
			);
			name = Products;
			sourceTree = "<group>";
		};
		107A75D62A7A69F300E9201B /* ARTISTACK */ = {
			isa = PBXGroup;
			children = (
				107A75EE2A7A6DB300E9201B /* Application */,
				107A75ED2A7A6DA900E9201B /* Global */,
				10831AD92A7A7D4800FB460C /* Data */,
				107A75EB2A7A6D4A00E9201B /* Presentation */,
				107A75E52A7A69F400E9201B /* Info.plist */,
			);
			path = ARTISTACK;
			sourceTree = "<group>";
		};
		107A75EB2A7A6D4A00E9201B /* Presentation */ = {
			isa = PBXGroup;
			children = (
				10AB4AC62A94CCEC00E1B514 /* Tab */,
				10831AD62A7A77BA00FB460C /* Base */,
				107A75EC2A7A6D5800E9201B /* Home */,
				10AB4ACC2A95BEFF00E1B514 /* Record */,
				10B067702A94859400BFA002 /* Profile */,
			);
			path = Presentation;
			sourceTree = "<group>";
		};
		107A75EC2A7A6D5800E9201B /* Home */ = {
			isa = PBXGroup;
			children = (
				10AB4ACB2A94EF3500E1B514 /* Popup */,
				107A75DB2A7A69F300E9201B /* HomeViewController.swift */,
			);
			path = Home;
			sourceTree = "<group>";
		};
		107A75ED2A7A6DA900E9201B /* Global */ = {
			isa = PBXGroup;
			children = (
				10C9B62B2A7BDC8A00026EE0 /* Util */,
				107A75F12A7A6E0E00E9201B /* Component */,
				107A75F02A7A6DFC00E9201B /* Extension */,
				107A75EF2A7A6DD700E9201B /* Resource */,
			);
			path = Global;
			sourceTree = "<group>";
		};
		107A75EE2A7A6DB300E9201B /* Application */ = {
			isa = PBXGroup;
			children = (
				107A75D72A7A69F300E9201B /* AppDelegate.swift */,
				107A75D92A7A69F300E9201B /* SceneDelegate.swift */,
			);
			path = Application;
			sourceTree = "<group>";
		};
		107A75EF2A7A6DD700E9201B /* Resource */ = {
			isa = PBXGroup;
			children = (
				107A75E22A7A69F400E9201B /* LaunchScreen.storyboard */,
				107A75E02A7A69F400E9201B /* Assets.xcassets */,
			);
			path = Resource;
			sourceTree = "<group>";
		};
		107A75F02A7A6DFC00E9201B /* Extension */ = {
			isa = PBXGroup;
			children = (
				107A75F22A7A6EF400E9201B /* UIVIew+.swift */,
				10831AF02A7A924300FB460C /* UIStackView+.swift */,
				102089982A99D87C00A34EFC /* UIViewController+.swift */,
			);
			path = Extension;
			sourceTree = "<group>";
		};
		107A75F12A7A6E0E00E9201B /* Component */ = {
			isa = PBXGroup;
			children = (
				102089A12A99EE6B00A34EFC /* Custom */,
				102089A02A99EE5800A34EFC /* Header */,
				1020899E2A99EE4200A34EFC /* Cell */,
			);
			path = Component;
			sourceTree = "<group>";
		};
		10831AD62A7A77BA00FB460C /* Base */ = {
			isa = PBXGroup;
			children = (
				10831AD72A7A77DC00FB460C /* BaseVIewController.swift */,
			);
			path = Base;
			sourceTree = "<group>";
		};
		10831AD92A7A7D4800FB460C /* Data */ = {
			isa = PBXGroup;
			children = (
				10831ADF2A7A7F0A00FB460C /* Model */,
			);
			path = Data;
			sourceTree = "<group>";
		};
		10831ADF2A7A7F0A00FB460C /* Model */ = {
			isa = PBXGroup;
			children = (
				10831AE02A7A7F0A00FB460C /* LikedListDTO.swift */,
				10831AE12A7A7F0A00FB460C /* Stack.swift */,
				10831AE22A7A7F0A00FB460C /* Like.swift */,
				10831AE32A7A7F0A00FB460C /* InstrumentDTO.swift */,
				10831AE42A7A7F0A00FB460C /* UserDTO.swift */,
				10831AE52A7A7F0A00FB460C /* Project.swift */,
				10831AE62A7A7F0A00FB460C /* PostDTO.swift */,
			);
			name = Model;
			path = Model/Model;
			sourceTree = "<group>";
		};
		10AB4AC62A94CCEC00E1B514 /* Tab */ = {
			isa = PBXGroup;
			children = (
				10AB4AC72A94CCF700E1B514 /* Tab.swift */,
				10AB4AC92A94CD6B00E1B514 /* MainTabBarController.swift */,
			);
			path = Tab;
			sourceTree = "<group>";
		};
		10AB4ACB2A94EF3500E1B514 /* Popup */ = {
			isa = PBXGroup;
			children = (
				10AB4AE02A97123000E1B514 /* CodePopupViewController.swift */,
				10AB4AE92A9739C300E1B514 /* PreStackPopupViewController.swift */,
				1020898C2A987DCA00A34EFC /* LikePopupViewController.swift */,
			);
			path = Popup;
			sourceTree = "<group>";
		};
		10AB4ACC2A95BEFF00E1B514 /* Record */ = {
			isa = PBXGroup;
			children = (
				10AB4ACD2A95BF2800E1B514 /* RecordViewController.swift */,
				102089A42A9A2ED200A34EFC /* UploadViewController.swift */,
			);
			path = Record;
			sourceTree = "<group>";
		};
		10B067702A94859400BFA002 /* Profile */ = {
			isa = PBXGroup;
			children = (
				10B067712A9485C100BFA002 /* ProfileViewController.swift */,
				102089942A99CA9800A34EFC /* ProfileEditViewController.swift */,
			);
			path = Profile;
			sourceTree = "<group>";
		};
		10C9B62B2A7BDC8A00026EE0 /* Util */ = {
			isa = PBXGroup;
			children = (
				10C9B62E2A7BDCAF00026EE0 /* ReusableView.swift */,
				10C9B62D2A7BDCAE00026EE0 /* UICollection+ReusableView.swift */,
				10C9B62C2A7BDCAE00026EE0 /* UITableView+Reuseable.swift */,
			);
			path = Util;
			sourceTree = "<group>";
		};
/* End PBXGroup section */

/* Begin PBXNativeTarget section */
		107A75D32A7A69F300E9201B /* ARTISTACK */ = {
			isa = PBXNativeTarget;
			buildConfigurationList = 107A75E82A7A69F400E9201B /* Build configuration list for PBXNativeTarget "ARTISTACK" */;
			buildPhases = (
				107A75D02A7A69F300E9201B /* Sources */,
				107A75D12A7A69F300E9201B /* Frameworks */,
				107A75D22A7A69F300E9201B /* Resources */,
			);
			buildRules = (
			);
			dependencies = (
			);
			name = ARTISTACK;
			packageProductDependencies = (
				10831ACF2A7A76C100FB460C /* SnapKit */,
				10831AD22A7A76CE00FB460C /* Then */,
			);
			productName = ARTISTACK;
			productReference = 107A75D42A7A69F300E9201B /* ARTISTACK.app */;
			productType = "com.apple.product-type.application";
		};
/* End PBXNativeTarget section */

/* Begin PBXProject section */
		107A75CC2A7A69F300E9201B /* Project object */ = {
			isa = PBXProject;
			attributes = {
				BuildIndependentTargetsInParallel = 1;
				LastSwiftUpdateCheck = 1430;
				LastUpgradeCheck = 1430;
				TargetAttributes = {
					107A75D32A7A69F300E9201B = {
						CreatedOnToolsVersion = 14.3;
					};
				};
			};
			buildConfigurationList = 107A75CF2A7A69F300E9201B /* Build configuration list for PBXProject "ARTISTACK" */;
			compatibilityVersion = "Xcode 14.0";
			developmentRegion = en;
			hasScannedForEncodings = 0;
			knownRegions = (
				en,
				Base,
			);
			mainGroup = 107A75CB2A7A69F300E9201B;
			packageReferences = (
				10831ACE2A7A76C100FB460C /* XCRemoteSwiftPackageReference "SnapKit" */,
				10831AD12A7A76CE00FB460C /* XCRemoteSwiftPackageReference "Then" */,
			);
			productRefGroup = 107A75D52A7A69F300E9201B /* Products */;
			projectDirPath = "";
			projectRoot = "";
			targets = (
				107A75D32A7A69F300E9201B /* ARTISTACK */,
			);
		};
/* End PBXProject section */

/* Begin PBXResourcesBuildPhase section */
		107A75D22A7A69F300E9201B /* Resources */ = {
			isa = PBXResourcesBuildPhase;
			buildActionMask = 2147483647;
			files = (
				107A75E42A7A69F400E9201B /* LaunchScreen.storyboard in Resources */,
				107A75E12A7A69F400E9201B /* Assets.xcassets in Resources */,
			);
			runOnlyForDeploymentPostprocessing = 0;
		};
/* End PBXResourcesBuildPhase section */

/* Begin PBXSourcesBuildPhase section */
		107A75D02A7A69F300E9201B /* Sources */ = {
			isa = PBXSourcesBuildPhase;
			buildActionMask = 2147483647;
			files = (
				10AB4ADA2A96DC1E00E1B514 /* SeparatorView.swift in Sources */,
				10831AEB2A7A7F0A00FB460C /* UserDTO.swift in Sources */,
				102089A92A9A719300A34EFC /* InfoTextFieldView.swift in Sources */,
				10831AE72A7A7F0A00FB460C /* LikedListDTO.swift in Sources */,
				10AB4ACA2A94CD6B00E1B514 /* MainTabBarController.swift in Sources */,
				10831AD52A7A772000FB460C /* UserCell.swift in Sources */,
				102089A72A9A2F2D00A34EFC /* InstButton.swift in Sources */,
				107A75F32A7A6EF400E9201B /* UIVIew+.swift in Sources */,
				10AB4AC82A94CCF700E1B514 /* Tab.swift in Sources */,
				102089992A99D87C00A34EFC /* UIViewController+.swift in Sources */,
				1020899B2A99DFE600A34EFC /* CompleteButton.swift in Sources */,
				107A75DC2A7A69F300E9201B /* HomeViewController.swift in Sources */,
				1020899D2A99ED6F00A34EFC /* TipView.swift in Sources */,
				10831AEC2A7A7F0A00FB460C /* Project.swift in Sources */,
				10AB4AE12A97123000E1B514 /* CodePopupViewController.swift in Sources */,
				102089A52A9A2ED200A34EFC /* UploadViewController.swift in Sources */,
				102089952A99CA9800A34EFC /* ProfileEditViewController.swift in Sources */,
				10831AEA2A7A7F0A00FB460C /* InstrumentDTO.swift in Sources */,
				102089AB2A9BB53200A34EFC /* RecordUtilButton.swift in Sources */,
				10831AEF2A7A81B100FB460C /* PostCell.swift in Sources */,
				10831AD82A7A77DC00FB460C /* BaseVIewController.swift in Sources */,
				10AB4AC12A94B4B900E1B514 /* ProfileCell.swift in Sources */,
				10AB4ACE2A95BF2800E1B514 /* RecordViewController.swift in Sources */,
				10AB4AC32A94B4F300E1B514 /* ProjectCell.swift in Sources */,
				10AB4AEA2A9739C300E1B514 /* PreStackPopupViewController.swift in Sources */,
				102089972A99CAF500A34EFC /* ProfileImageView.swift in Sources */,
				10B067722A9485C100BFA002 /* ProfileViewController.swift in Sources */,
				10C9B6312A7BDCAF00026EE0 /* ReusableView.swift in Sources */,
				102089932A99AB8400A34EFC /* popupMenuButton.swift in Sources */,
				1020898F2A988CB700A34EFC /* LikePopupHeaderView.swift in Sources */,
				107A75D82A7A69F300E9201B /* AppDelegate.swift in Sources */,
				10C9B62F2A7BDCAF00026EE0 /* UITableView+Reuseable.swift in Sources */,
				10AB4AC52A94C3B000E1B514 /* ProjectHeaderView.swift in Sources */,
				10831AF12A7A924300FB460C /* UIStackView+.swift in Sources */,
				10831AED2A7A7F0A00FB460C /* PostDTO.swift in Sources */,
				1020898D2A987DCA00A34EFC /* LikePopupViewController.swift in Sources */,
				102089A32A99EFA900A34EFC /* ToolTipView.swift in Sources */,
				10831AE82A7A7F0A00FB460C /* Stack.swift in Sources */,
				10831AE92A7A7F0A00FB460C /* Like.swift in Sources */,
				107A75DA2A7A69F300E9201B /* SceneDelegate.swift in Sources */,
				102089912A989A2800A34EFC /* popupContentButton.swift in Sources */,
				10C9B6302A7BDCAF00026EE0 /* UICollection+ReusableView.swift in Sources */,
			);
			runOnlyForDeploymentPostprocessing = 0;
		};
/* End PBXSourcesBuildPhase section */

/* Begin PBXVariantGroup section */
		107A75E22A7A69F400E9201B /* LaunchScreen.storyboard */ = {
			isa = PBXVariantGroup;
			children = (
				107A75E32A7A69F400E9201B /* Base */,
			);
			name = LaunchScreen.storyboard;
			sourceTree = "<group>";
		};
/* End PBXVariantGroup section */

/* Begin XCBuildConfiguration section */
		107A75E62A7A69F400E9201B /* Debug */ = {
			isa = XCBuildConfiguration;
			buildSettings = {
				ALWAYS_SEARCH_USER_PATHS = NO;
				CLANG_ANALYZER_NONNULL = YES;
				CLANG_ANALYZER_NUMBER_OBJECT_CONVERSION = YES_AGGRESSIVE;
				CLANG_CXX_LANGUAGE_STANDARD = "gnu++20";
				CLANG_ENABLE_MODULES = YES;
				CLANG_ENABLE_OBJC_ARC = YES;
				CLANG_ENABLE_OBJC_WEAK = YES;
				CLANG_WARN_BLOCK_CAPTURE_AUTORELEASING = YES;
				CLANG_WARN_BOOL_CONVERSION = YES;
				CLANG_WARN_COMMA = YES;
				CLANG_WARN_CONSTANT_CONVERSION = YES;
				CLANG_WARN_DEPRECATED_OBJC_IMPLEMENTATIONS = YES;
				CLANG_WARN_DIRECT_OBJC_ISA_USAGE = YES_ERROR;
				CLANG_WARN_DOCUMENTATION_COMMENTS = YES;
				CLANG_WARN_EMPTY_BODY = YES;
				CLANG_WARN_ENUM_CONVERSION = YES;
				CLANG_WARN_INFINITE_RECURSION = YES;
				CLANG_WARN_INT_CONVERSION = YES;
				CLANG_WARN_NON_LITERAL_NULL_CONVERSION = YES;
				CLANG_WARN_OBJC_IMPLICIT_RETAIN_SELF = YES;
				CLANG_WARN_OBJC_LITERAL_CONVERSION = YES;
				CLANG_WARN_OBJC_ROOT_CLASS = YES_ERROR;
				CLANG_WARN_QUOTED_INCLUDE_IN_FRAMEWORK_HEADER = YES;
				CLANG_WARN_RANGE_LOOP_ANALYSIS = YES;
				CLANG_WARN_STRICT_PROTOTYPES = YES;
				CLANG_WARN_SUSPICIOUS_MOVE = YES;
				CLANG_WARN_UNGUARDED_AVAILABILITY = YES_AGGRESSIVE;
				CLANG_WARN_UNREACHABLE_CODE = YES;
				CLANG_WARN__DUPLICATE_METHOD_MATCH = YES;
				COPY_PHASE_STRIP = NO;
				DEBUG_INFORMATION_FORMAT = dwarf;
				ENABLE_STRICT_OBJC_MSGSEND = YES;
				ENABLE_TESTABILITY = YES;
				GCC_C_LANGUAGE_STANDARD = gnu11;
				GCC_DYNAMIC_NO_PIC = NO;
				GCC_NO_COMMON_BLOCKS = YES;
				GCC_OPTIMIZATION_LEVEL = 0;
				GCC_PREPROCESSOR_DEFINITIONS = (
					"DEBUG=1",
					"$(inherited)",
				);
				GCC_WARN_64_TO_32_BIT_CONVERSION = YES;
				GCC_WARN_ABOUT_RETURN_TYPE = YES_ERROR;
				GCC_WARN_UNDECLARED_SELECTOR = YES;
				GCC_WARN_UNINITIALIZED_AUTOS = YES_AGGRESSIVE;
				GCC_WARN_UNUSED_FUNCTION = YES;
				GCC_WARN_UNUSED_VARIABLE = YES;
				IPHONEOS_DEPLOYMENT_TARGET = 16.4;
				MTL_ENABLE_DEBUG_INFO = INCLUDE_SOURCE;
				MTL_FAST_MATH = YES;
				ONLY_ACTIVE_ARCH = YES;
				SDKROOT = iphoneos;
				SWIFT_ACTIVE_COMPILATION_CONDITIONS = DEBUG;
				SWIFT_OPTIMIZATION_LEVEL = "-Onone";
			};
			name = Debug;
		};
		107A75E72A7A69F400E9201B /* Release */ = {
			isa = XCBuildConfiguration;
			buildSettings = {
				ALWAYS_SEARCH_USER_PATHS = NO;
				CLANG_ANALYZER_NONNULL = YES;
				CLANG_ANALYZER_NUMBER_OBJECT_CONVERSION = YES_AGGRESSIVE;
				CLANG_CXX_LANGUAGE_STANDARD = "gnu++20";
				CLANG_ENABLE_MODULES = YES;
				CLANG_ENABLE_OBJC_ARC = YES;
				CLANG_ENABLE_OBJC_WEAK = YES;
				CLANG_WARN_BLOCK_CAPTURE_AUTORELEASING = YES;
				CLANG_WARN_BOOL_CONVERSION = YES;
				CLANG_WARN_COMMA = YES;
				CLANG_WARN_CONSTANT_CONVERSION = YES;
				CLANG_WARN_DEPRECATED_OBJC_IMPLEMENTATIONS = YES;
				CLANG_WARN_DIRECT_OBJC_ISA_USAGE = YES_ERROR;
				CLANG_WARN_DOCUMENTATION_COMMENTS = YES;
				CLANG_WARN_EMPTY_BODY = YES;
				CLANG_WARN_ENUM_CONVERSION = YES;
				CLANG_WARN_INFINITE_RECURSION = YES;
				CLANG_WARN_INT_CONVERSION = YES;
				CLANG_WARN_NON_LITERAL_NULL_CONVERSION = YES;
				CLANG_WARN_OBJC_IMPLICIT_RETAIN_SELF = YES;
				CLANG_WARN_OBJC_LITERAL_CONVERSION = YES;
				CLANG_WARN_OBJC_ROOT_CLASS = YES_ERROR;
				CLANG_WARN_QUOTED_INCLUDE_IN_FRAMEWORK_HEADER = YES;
				CLANG_WARN_RANGE_LOOP_ANALYSIS = YES;
				CLANG_WARN_STRICT_PROTOTYPES = YES;
				CLANG_WARN_SUSPICIOUS_MOVE = YES;
				CLANG_WARN_UNGUARDED_AVAILABILITY = YES_AGGRESSIVE;
				CLANG_WARN_UNREACHABLE_CODE = YES;
				CLANG_WARN__DUPLICATE_METHOD_MATCH = YES;
				COPY_PHASE_STRIP = NO;
				DEBUG_INFORMATION_FORMAT = "dwarf-with-dsym";
				ENABLE_NS_ASSERTIONS = NO;
				ENABLE_STRICT_OBJC_MSGSEND = YES;
				GCC_C_LANGUAGE_STANDARD = gnu11;
				GCC_NO_COMMON_BLOCKS = YES;
				GCC_WARN_64_TO_32_BIT_CONVERSION = YES;
				GCC_WARN_ABOUT_RETURN_TYPE = YES_ERROR;
				GCC_WARN_UNDECLARED_SELECTOR = YES;
				GCC_WARN_UNINITIALIZED_AUTOS = YES_AGGRESSIVE;
				GCC_WARN_UNUSED_FUNCTION = YES;
				GCC_WARN_UNUSED_VARIABLE = YES;
				IPHONEOS_DEPLOYMENT_TARGET = 16.4;
				MTL_ENABLE_DEBUG_INFO = NO;
				MTL_FAST_MATH = YES;
				SDKROOT = iphoneos;
				SWIFT_COMPILATION_MODE = wholemodule;
				SWIFT_OPTIMIZATION_LEVEL = "-O";
				VALIDATE_PRODUCT = YES;
			};
			name = Release;
		};
		107A75E92A7A69F400E9201B /* Debug */ = {
			isa = XCBuildConfiguration;
			buildSettings = {
				ASSETCATALOG_COMPILER_APPICON_NAME = AppIcon;
				ASSETCATALOG_COMPILER_GLOBAL_ACCENT_COLOR_NAME = AccentColor;
				CODE_SIGN_STYLE = Automatic;
				CURRENT_PROJECT_VERSION = 1;
				DEVELOPMENT_TEAM = 6UJYJPDXP4;
				GENERATE_INFOPLIST_FILE = YES;
				INFOPLIST_FILE = ARTISTACK/Info.plist;
				INFOPLIST_KEY_UIApplicationSupportsIndirectInputEvents = YES;
				INFOPLIST_KEY_UILaunchStoryboardName = LaunchScreen;
				INFOPLIST_KEY_UISupportedInterfaceOrientations = UIInterfaceOrientationPortrait;
				LD_RUNPATH_SEARCH_PATHS = (
					"$(inherited)",
					"@executable_path/Frameworks",
				);
				MARKETING_VERSION = 1.0;
				PRODUCT_BUNDLE_IDENTIFIER = com.artistack.ARTISTACK;
				PRODUCT_NAME = "$(TARGET_NAME)";
				SWIFT_EMIT_LOC_STRINGS = YES;
				SWIFT_VERSION = 5.0;
				TARGETED_DEVICE_FAMILY = "1,2";
			};
			name = Debug;
		};
		107A75EA2A7A69F400E9201B /* Release */ = {
			isa = XCBuildConfiguration;
			buildSettings = {
				ASSETCATALOG_COMPILER_APPICON_NAME = AppIcon;
				ASSETCATALOG_COMPILER_GLOBAL_ACCENT_COLOR_NAME = AccentColor;
				CODE_SIGN_STYLE = Automatic;
				CURRENT_PROJECT_VERSION = 1;
				DEVELOPMENT_TEAM = 6UJYJPDXP4;
				GENERATE_INFOPLIST_FILE = YES;
				INFOPLIST_FILE = ARTISTACK/Info.plist;
				INFOPLIST_KEY_UIApplicationSupportsIndirectInputEvents = YES;
				INFOPLIST_KEY_UILaunchStoryboardName = LaunchScreen;
				INFOPLIST_KEY_UISupportedInterfaceOrientations = UIInterfaceOrientationPortrait;
				LD_RUNPATH_SEARCH_PATHS = (
					"$(inherited)",
					"@executable_path/Frameworks",
				);
				MARKETING_VERSION = 1.0;
				PRODUCT_BUNDLE_IDENTIFIER = com.artistack.ARTISTACK;
				PRODUCT_NAME = "$(TARGET_NAME)";
				SWIFT_EMIT_LOC_STRINGS = YES;
				SWIFT_VERSION = 5.0;
				TARGETED_DEVICE_FAMILY = "1,2";
			};
			name = Release;
		};
/* End XCBuildConfiguration section */

/* Begin XCConfigurationList section */
		107A75CF2A7A69F300E9201B /* Build configuration list for PBXProject "ARTISTACK" */ = {
			isa = XCConfigurationList;
			buildConfigurations = (
				107A75E62A7A69F400E9201B /* Debug */,
				107A75E72A7A69F400E9201B /* Release */,
			);
			defaultConfigurationIsVisible = 0;
			defaultConfigurationName = Release;
		};
		107A75E82A7A69F400E9201B /* Build configuration list for PBXNativeTarget "ARTISTACK" */ = {
			isa = XCConfigurationList;
			buildConfigurations = (
				107A75E92A7A69F400E9201B /* Debug */,
				107A75EA2A7A69F400E9201B /* Release */,
			);
			defaultConfigurationIsVisible = 0;
			defaultConfigurationName = Release;
		};
/* End XCConfigurationList section */

/* Begin XCRemoteSwiftPackageReference section */
		10831ACE2A7A76C100FB460C /* XCRemoteSwiftPackageReference "SnapKit" */ = {
			isa = XCRemoteSwiftPackageReference;
			repositoryURL = "https://github.com/SnapKit/SnapKit.git";
			requirement = {
				kind = upToNextMajorVersion;
				minimumVersion = 5.0.0;
			};
		};
		10831AD12A7A76CE00FB460C /* XCRemoteSwiftPackageReference "Then" */ = {
			isa = XCRemoteSwiftPackageReference;
			repositoryURL = "https://github.com/devxoul/Then";
			requirement = {
				kind = upToNextMajorVersion;
				minimumVersion = 3.0.0;
			};
		};
/* End XCRemoteSwiftPackageReference section */

/* Begin XCSwiftPackageProductDependency section */
		10831ACF2A7A76C100FB460C /* SnapKit */ = {
			isa = XCSwiftPackageProductDependency;
			package = 10831ACE2A7A76C100FB460C /* XCRemoteSwiftPackageReference "SnapKit" */;
			productName = SnapKit;
		};
		10831AD22A7A76CE00FB460C /* Then */ = {
			isa = XCSwiftPackageProductDependency;
			package = 10831AD12A7A76CE00FB460C /* XCRemoteSwiftPackageReference "Then" */;
			productName = Then;
		};
/* End XCSwiftPackageProductDependency section */
	};
	rootObject = 107A75CC2A7A69F300E9201B /* Project object */;
}
